
Microsoft Visual Studio Solution File, Format Version 12.00
# Visual Studio Version 16
VisualStudioVersion = 16.0.31019.35
MinimumVisualStudioVersion = 10.0.40219.1
Project("{2150E333-8FDC-42A3-9474-1A3956D46DE8}") = "Source", "Source", "{BE167C20-D070-495D-9881-F02681EEA5A4}"
EndProject
Project("{2150E333-8FDC-42A3-9474-1A3956D46DE8}") = "Tests", "Tests", "{2F5CEDCC-A3CD-4DFF-9543-22D7598C1FDF}"
EndProject
Project("{9A19103F-16F7-4668-BE54-9A1E7A4F7556}") = "PVScan.Desktop.WPF", "PVScan.Desktop.WPF\PVScan.Desktop.WPF.csproj", "{115B04C6-9276-4BBF-9FE3-842866AF71D5}"
EndProject
Project("{9A19103F-16F7-4668-BE54-9A1E7A4F7556}") = "PVScan.Core", "..\..\Core\PVScan.Core\PVScan.Core.csproj", "{669436E4-A5AA-45F6-A361-271CBC947741}"
EndProject
Project("{9A19103F-16F7-4668-BE54-9A1E7A4F7556}") = "PVScan.Core.Tests", "..\..\..\Tests\Core\PVScan.Core.Tests\PVScan.Core.Tests.csproj", "{2D48F2E3-1EE3-4DDC-98DF-45D586D39383}"
EndProject
Project("{9A19103F-16F7-4668-BE54-9A1E7A4F7556}") = "PVScan.Desktop.WPF.Tests", "..\..\..\Tests\Desktop\Windows\PVScan.Desktop.WPF.Tests\PVScan.Desktop.WPF.Tests.csproj", "{4426E9A0-D91F-4027-9C26-B6D73D098F64}"
EndProject
Project("{2150E333-8FDC-42A3-9474-1A3956D46DE8}") = "Vendor", "Vendor", "{8D6B774C-5CD3-48B3-B750-9B8719A597AF}"
EndProject
Project("{9A19103F-16F7-4668-BE54-9A1E7A4F7556}") = "MapboxNetWPF", "..\..\..\Vendor\MapboxNet\Source\MapboxNetWPF\MapboxNetWPF.csproj", "{248B5407-5B81-440D-8337-FB3A7D4B8EED}"
EndProject
Project("{2150E333-8FDC-42A3-9474-1A3956D46DE8}") = "MapboxNet", "MapboxNet", "{7F0D9292-5C42-4836-B1E8-9F29E572D42E}"
EndProject
Project("{9A19103F-16F7-4668-BE54-9A1E7A4F7556}") = "MapboxNetCore", "..\..\..\Vendor\MapboxNet\Source\MapboxNetCore\MapboxNetCore.csproj", "{D67072E8-F3D5-4320-ABC3-637EB1D20FC4}"
EndProject
Global
	GlobalSection(SolutionConfigurationPlatforms) = preSolution
		Android_Simulator_Debug|x64 = Android_Simulator_Debug|x64
		Android_Simulator_Debug|x86 = Android_Simulator_Debug|x86
		Debug|x64 = Debug|x64
		Debug|x86 = Debug|x86
		Desktop_Debug|x64 = Desktop_Debug|x64
		Desktop_Debug|x86 = Desktop_Debug|x86
		Desktop_Release|x64 = Desktop_Release|x64
		Desktop_Release|x86 = Desktop_Release|x86
		IOS_Device_Debug|x64 = IOS_Device_Debug|x64
		IOS_Device_Debug|x86 = IOS_Device_Debug|x86
		IOS_Simulator_Debug|x64 = IOS_Simulator_Debug|x64
		IOS_Simulator_Debug|x86 = IOS_Simulator_Debug|x86
		Release|x64 = Release|x64
		Release|x86 = Release|x86
	EndGlobalSection
	GlobalSection(ProjectConfigurationPlatforms) = postSolution
		{115B04C6-9276-4BBF-9FE3-842866AF71D5}.Android_Simulator_Debug|x64.ActiveCfg = Debug|x64
		{115B04C6-9276-4BBF-9FE3-842866AF71D5}.Android_Simulator_Debug|x64.Build.0 = Debug|x64
		{115B04C6-9276-4BBF-9FE3-842866AF71D5}.Android_Simulator_Debug|x86.ActiveCfg = Debug|x86
		{115B04C6-9276-4BBF-9FE3-842866AF71D5}.Android_Simulator_Debug|x86.Build.0 = Debug|x86
		{115B04C6-9276-4BBF-9FE3-842866AF71D5}.Debug|x64.ActiveCfg = Debug|x64
		{115B04C6-9276-4BBF-9FE3-842866AF71D5}.Debug|x64.Build.0 = Debug|x64
		{115B04C6-9276-4BBF-9FE3-842866AF71D5}.Debug|x86.ActiveCfg = Debug|x86
		{115B04C6-9276-4BBF-9FE3-842866AF71D5}.Debug|x86.Build.0 = Debug|x86
		{115B04C6-9276-4BBF-9FE3-842866AF71D5}.Desktop_Debug|x64.ActiveCfg = Desktop_Debug|x64
		{115B04C6-9276-4BBF-9FE3-842866AF71D5}.Desktop_Debug|x64.Build.0 = Desktop_Debug|x64
		{115B04C6-9276-4BBF-9FE3-842866AF71D5}.Desktop_Debug|x86.ActiveCfg = Desktop_Debug|x86
		{115B04C6-9276-4BBF-9FE3-842866AF71D5}.Desktop_Debug|x86.Build.0 = Desktop_Debug|x86
		{115B04C6-9276-4BBF-9FE3-842866AF71D5}.Desktop_Release|x64.ActiveCfg = Desktop_Release|x64
		{115B04C6-9276-4BBF-9FE3-842866AF71D5}.Desktop_Release|x64.Build.0 = Desktop_Release|x64
		{115B04C6-9276-4BBF-9FE3-842866AF71D5}.Desktop_Release|x86.ActiveCfg = Desktop_Release|x86
		{115B04C6-9276-4BBF-9FE3-842866AF71D5}.Desktop_Release|x86.Build.0 = Desktop_Release|x86
		{115B04C6-9276-4BBF-9FE3-842866AF71D5}.IOS_Device_Debug|x64.ActiveCfg = Debug|x64
		{115B04C6-9276-4BBF-9FE3-842866AF71D5}.IOS_Device_Debug|x64.Build.0 = Debug|x64
		{115B04C6-9276-4BBF-9FE3-842866AF71D5}.IOS_Device_Debug|x86.ActiveCfg = Debug|x86
		{115B04C6-9276-4BBF-9FE3-842866AF71D5}.IOS_Device_Debug|x86.Build.0 = Debug|x86
		{115B04C6-9276-4BBF-9FE3-842866AF71D5}.IOS_Simulator_Debug|x64.ActiveCfg = Debug|x64
		{115B04C6-9276-4BBF-9FE3-842866AF71D5}.IOS_Simulator_Debug|x64.Build.0 = Debug|x64
		{115B04C6-9276-4BBF-9FE3-842866AF71D5}.IOS_Simulator_Debug|x86.ActiveCfg = Debug|x86
		{115B04C6-9276-4BBF-9FE3-842866AF71D5}.IOS_Simulator_Debug|x86.Build.0 = Debug|x86
		{115B04C6-9276-4BBF-9FE3-842866AF71D5}.Release|x64.ActiveCfg = Release|x64
		{115B04C6-9276-4BBF-9FE3-842866AF71D5}.Release|x64.Build.0 = Release|x64
		{115B04C6-9276-4BBF-9FE3-842866AF71D5}.Release|x86.ActiveCfg = Release|x86
		{115B04C6-9276-4BBF-9FE3-842866AF71D5}.Release|x86.Build.0 = Release|x86
		{669436E4-A5AA-45F6-A361-271CBC947741}.Android_Simulator_Debug|x64.ActiveCfg = Android_Simulator_Debug|Any CPU
		{669436E4-A5AA-45F6-A361-271CBC947741}.Android_Simulator_Debug|x64.Build.0 = Android_Simulator_Debug|Any CPU
		{669436E4-A5AA-45F6-A361-271CBC947741}.Android_Simulator_Debug|x86.ActiveCfg = Android_Simulator_Debug|Any CPU
		{669436E4-A5AA-45F6-A361-271CBC947741}.Android_Simulator_Debug|x86.Build.0 = Android_Simulator_Debug|Any CPU
		{669436E4-A5AA-45F6-A361-271CBC947741}.Debug|x64.ActiveCfg = Debug|Any CPU
		{669436E4-A5AA-45F6-A361-271CBC947741}.Debug|x64.Build.0 = Debug|Any CPU
		{669436E4-A5AA-45F6-A361-271CBC947741}.Debug|x86.ActiveCfg = Debug|Any CPU
		{669436E4-A5AA-45F6-A361-271CBC947741}.Debug|x86.Build.0 = Debug|Any CPU
		{669436E4-A5AA-45F6-A361-271CBC947741}.Desktop_Debug|x64.ActiveCfg = Desktop_Debug|x64
		{669436E4-A5AA-45F6-A361-271CBC947741}.Desktop_Debug|x64.Build.0 = Desktop_Debug|x64
		{669436E4-A5AA-45F6-A361-271CBC947741}.Desktop_Debug|x86.ActiveCfg = Desktop_Debug|x86
		{669436E4-A5AA-45F6-A361-271CBC947741}.Desktop_Debug|x86.Build.0 = Desktop_Debug|x86
		{669436E4-A5AA-45F6-A361-271CBC947741}.Desktop_Release|x64.ActiveCfg = Desktop_Release|x64
		{669436E4-A5AA-45F6-A361-271CBC947741}.Desktop_Release|x64.Build.0 = Desktop_Release|x64
		{669436E4-A5AA-45F6-A361-271CBC947741}.Desktop_Release|x86.ActiveCfg = Desktop_Release|x86
		{669436E4-A5AA-45F6-A361-271CBC947741}.Desktop_Release|x86.Build.0 = Desktop_Release|x86
		{669436E4-A5AA-45F6-A361-271CBC947741}.IOS_Device_Debug|x64.ActiveCfg = IOS_Device_Debug|Any CPU
		{669436E4-A5AA-45F6-A361-271CBC947741}.IOS_Device_Debug|x64.Build.0 = IOS_Device_Debug|Any CPU
		{669436E4-A5AA-45F6-A361-271CBC947741}.IOS_Device_Debug|x86.ActiveCfg = IOS_Device_Debug|Any CPU
		{669436E4-A5AA-45F6-A361-271CBC947741}.IOS_Device_Debug|x86.Build.0 = IOS_Device_Debug|Any CPU
		{669436E4-A5AA-45F6-A361-271CBC947741}.IOS_Simulator_Debug|x64.ActiveCfg = IOS_Simulator_Debug|Any CPU
		{669436E4-A5AA-45F6-A361-271CBC947741}.IOS_Simulator_Debug|x64.Build.0 = IOS_Simulator_Debug|Any CPU
		{669436E4-A5AA-45F6-A361-271CBC947741}.IOS_Simulator_Debug|x86.ActiveCfg = IOS_Simulator_Debug|Any CPU
		{669436E4-A5AA-45F6-A361-271CBC947741}.IOS_Simulator_Debug|x86.Build.0 = IOS_Simulator_Debug|Any CPU
		{669436E4-A5AA-45F6-A361-271CBC947741}.Release|x64.ActiveCfg = Release|Any CPU
		{669436E4-A5AA-45F6-A361-271CBC947741}.Release|x64.Build.0 = Release|Any CPU
		{669436E4-A5AA-45F6-A361-271CBC947741}.Release|x86.ActiveCfg = Release|Any CPU
		{669436E4-A5AA-45F6-A361-271CBC947741}.Release|x86.Build.0 = Release|Any CPU
		{2D48F2E3-1EE3-4DDC-98DF-45D586D39383}.Android_Simulator_Debug|x64.ActiveCfg = Debug|Any CPU
		{2D48F2E3-1EE3-4DDC-98DF-45D586D39383}.Android_Simulator_Debug|x64.Build.0 = Debug|Any CPU
		{2D48F2E3-1EE3-4DDC-98DF-45D586D39383}.Android_Simulator_Debug|x86.ActiveCfg = Debug|Any CPU
		{2D48F2E3-1EE3-4DDC-98DF-45D586D39383}.Android_Simulator_Debug|x86.Build.0 = Debug|Any CPU
		{2D48F2E3-1EE3-4DDC-98DF-45D586D39383}.Debug|x64.ActiveCfg = Debug|Any CPU
		{2D48F2E3-1EE3-4DDC-98DF-45D586D39383}.Debug|x64.Build.0 = Debug|Any CPU
		{2D48F2E3-1EE3-4DDC-98DF-45D586D39383}.Debug|x86.ActiveCfg = Debug|Any CPU
		{2D48F2E3-1EE3-4DDC-98DF-45D586D39383}.Debug|x86.Build.0 = Debug|Any CPU
		{2D48F2E3-1EE3-4DDC-98DF-45D586D39383}.Desktop_Debug|x64.ActiveCfg = Debug|x64
		{2D48F2E3-1EE3-4DDC-98DF-45D586D39383}.Desktop_Debug|x64.Build.0 = Debug|x64
		{2D48F2E3-1EE3-4DDC-98DF-45D586D39383}.Desktop_Debug|x86.ActiveCfg = Debug|x86
		{2D48F2E3-1EE3-4DDC-98DF-45D586D39383}.Desktop_Debug|x86.Build.0 = Debug|x86
		{2D48F2E3-1EE3-4DDC-98DF-45D586D39383}.Desktop_Release|x64.ActiveCfg = Desktop_Release|x64
		{2D48F2E3-1EE3-4DDC-98DF-45D586D39383}.Desktop_Release|x64.Build.0 = Desktop_Release|x64
		{2D48F2E3-1EE3-4DDC-98DF-45D586D39383}.Desktop_Release|x86.ActiveCfg = Desktop_Release|x86
		{2D48F2E3-1EE3-4DDC-98DF-45D586D39383}.Desktop_Release|x86.Build.0 = Desktop_Release|x86
		{2D48F2E3-1EE3-4DDC-98DF-45D586D39383}.IOS_Device_Debug|x64.ActiveCfg = Debug|Any CPU
		{2D48F2E3-1EE3-4DDC-98DF-45D586D39383}.IOS_Device_Debug|x64.Build.0 = Debug|Any CPU
		{2D48F2E3-1EE3-4DDC-98DF-45D586D39383}.IOS_Device_Debug|x86.ActiveCfg = Debug|Any CPU
		{2D48F2E3-1EE3-4DDC-98DF-45D586D39383}.IOS_Device_Debug|x86.Build.0 = Debug|Any CPU
		{2D48F2E3-1EE3-4DDC-98DF-45D586D39383}.IOS_Simulator_Debug|x64.ActiveCfg = Debug|Any CPU
		{2D48F2E3-1EE3-4DDC-98DF-45D586D39383}.IOS_Simulator_Debug|x64.Build.0 = Debug|Any CPU
		{2D48F2E3-1EE3-4DDC-98DF-45D586D39383}.IOS_Simulator_Debug|x86.ActiveCfg = Debug|Any CPU
		{2D48F2E3-1EE3-4DDC-98DF-45D586D39383}.IOS_Simulator_Debug|x86.Build.0 = Debug|Any CPU
		{2D48F2E3-1EE3-4DDC-98DF-45D586D39383}.Release|x64.ActiveCfg = Release|Any CPU
		{2D48F2E3-1EE3-4DDC-98DF-45D586D39383}.Release|x64.Build.0 = Release|Any CPU
		{2D48F2E3-1EE3-4DDC-98DF-45D586D39383}.Release|x86.ActiveCfg = Release|Any CPU
		{2D48F2E3-1EE3-4DDC-98DF-45D586D39383}.Release|x86.Build.0 = Release|Any CPU
		{4426E9A0-D91F-4027-9C26-B6D73D098F64}.Android_Simulator_Debug|x64.ActiveCfg = Debug|Any CPU
		{4426E9A0-D91F-4027-9C26-B6D73D098F64}.Android_Simulator_Debug|x64.Build.0 = Debug|Any CPU
		{4426E9A0-D91F-4027-9C26-B6D73D098F64}.Android_Simulator_Debug|x86.ActiveCfg = Debug|Any CPU
		{4426E9A0-D91F-4027-9C26-B6D73D098F64}.Android_Simulator_Debug|x86.Build.0 = Debug|Any CPU
		{4426E9A0-D91F-4027-9C26-B6D73D098F64}.Debug|x64.ActiveCfg = Debug|Any CPU
		{4426E9A0-D91F-4027-9C26-B6D73D098F64}.Debug|x64.Build.0 = Debug|Any CPU
		{4426E9A0-D91F-4027-9C26-B6D73D098F64}.Debug|x86.ActiveCfg = Debug|Any CPU
		{4426E9A0-D91F-4027-9C26-B6D73D098F64}.Debug|x86.Build.0 = Debug|Any CPU
		{4426E9A0-D91F-4027-9C26-B6D73D098F64}.Desktop_Debug|x64.ActiveCfg = Debug|x64
		{4426E9A0-D91F-4027-9C26-B6D73D098F64}.Desktop_Debug|x64.Build.0 = Debug|x64
		{4426E9A0-D91F-4027-9C26-B6D73D098F64}.Desktop_Debug|x86.ActiveCfg = Debug|x86
		{4426E9A0-D91F-4027-9C26-B6D73D098F64}.Desktop_Debug|x86.Build.0 = Debug|x86
		{4426E9A0-D91F-4027-9C26-B6D73D098F64}.Desktop_Release|x64.ActiveCfg = Desktop_Release|x64
		{4426E9A0-D91F-4027-9C26-B6D73D098F64}.Desktop_Release|x64.Build.0 = Desktop_Release|x64
		{4426E9A0-D91F-4027-9C26-B6D73D098F64}.Desktop_Release|x86.ActiveCfg = Desktop_Release|x86
		{4426E9A0-D91F-4027-9C26-B6D73D098F64}.Desktop_Release|x86.Build.0 = Desktop_Release|x86
		{4426E9A0-D91F-4027-9C26-B6D73D098F64}.IOS_Device_Debug|x64.ActiveCfg = Debug|Any CPU
		{4426E9A0-D91F-4027-9C26-B6D73D098F64}.IOS_Device_Debug|x64.Build.0 = Debug|Any CPU
		{4426E9A0-D91F-4027-9C26-B6D73D098F64}.IOS_Device_Debug|x86.ActiveCfg = Debug|Any CPU
		{4426E9A0-D91F-4027-9C26-B6D73D098F64}.IOS_Device_Debug|x86.Build.0 = Debug|Any CPU
		{4426E9A0-D91F-4027-9C26-B6D73D098F64}.IOS_Simulator_Debug|x64.ActiveCfg = Debug|Any CPU
		{4426E9A0-D91F-4027-9C26-B6D73D098F64}.IOS_Simulator_Debug|x64.Build.0 = Debug|Any CPU
		{4426E9A0-D91F-4027-9C26-B6D73D098F64}.IOS_Simulator_Debug|x86.ActiveCfg = Debug|Any CPU
		{4426E9A0-D91F-4027-9C26-B6D73D098F64}.IOS_Simulator_Debug|x86.Build.0 = Debug|Any CPU
		{4426E9A0-D91F-4027-9C26-B6D73D098F64}.Release|x64.ActiveCfg = Release|Any CPU
		{4426E9A0-D91F-4027-9C26-B6D73D098F64}.Release|x64.Build.0 = Release|Any CPU
		{4426E9A0-D91F-4027-9C26-B6D73D098F64}.Release|x86.ActiveCfg = Release|Any CPU
		{4426E9A0-D91F-4027-9C26-B6D73D098F64}.Release|x86.Build.0 = Release|Any CPU
		{248B5407-5B81-440D-8337-FB3A7D4B8EED}.Android_Simulator_Debug|x64.ActiveCfg = Debug|x64
		{248B5407-5B81-440D-8337-FB3A7D4B8EED}.Android_Simulator_Debug|x64.Build.0 = Debug|x64
		{248B5407-5B81-440D-8337-FB3A7D4B8EED}.Android_Simulator_Debug|x86.ActiveCfg = Debug|x86
		{248B5407-5B81-440D-8337-FB3A7D4B8EED}.Android_Simulator_Debug|x86.Build.0 = Debug|x86
		{248B5407-5B81-440D-8337-FB3A7D4B8EED}.Debug|x64.ActiveCfg = Debug|x64
		{248B5407-5B81-440D-8337-FB3A7D4B8EED}.Debug|x64.Build.0 = Debug|x64
		{248B5407-5B81-440D-8337-FB3A7D4B8EED}.Debug|x86.ActiveCfg = Debug|x86
		{248B5407-5B81-440D-8337-FB3A7D4B8EED}.Debug|x86.Build.0 = Debug|x86
		{248B5407-5B81-440D-8337-FB3A7D4B8EED}.Desktop_Debug|x64.ActiveCfg = Debug|x64
		{248B5407-5B81-440D-8337-FB3A7D4B8EED}.Desktop_Debug|x64.Build.0 = Debug|x64
		{248B5407-5B81-440D-8337-FB3A7D4B8EED}.Desktop_Debug|x86.ActiveCfg = Debug|x86
		{248B5407-5B81-440D-8337-FB3A7D4B8EED}.Desktop_Debug|x86.Build.0 = Debug|x86
		{248B5407-5B81-440D-8337-FB3A7D4B8EED}.Desktop_Release|x64.ActiveCfg = Desktop_Release|x64
		{248B5407-5B81-440D-8337-FB3A7D4B8EED}.Desktop_Release|x64.Build.0 = Desktop_Release|x64
		{248B5407-5B81-440D-8337-FB3A7D4B8EED}.Desktop_Release|x86.ActiveCfg = Desktop_Release|x86
		{248B5407-5B81-440D-8337-FB3A7D4B8EED}.Desktop_Release|x86.Build.0 = Desktop_Release|x86
		{248B5407-5B81-440D-8337-FB3A7D4B8EED}.IOS_Device_Debug|x64.ActiveCfg = Debug|x64
		{248B5407-5B81-440D-8337-FB3A7D4B8EED}.IOS_Device_Debug|x64.Build.0 = Debug|x64
		{248B5407-5B81-440D-8337-FB3A7D4B8EED}.IOS_Device_Debug|x86.ActiveCfg = Debug|x86
		{248B5407-5B81-440D-8337-FB3A7D4B8EED}.IOS_Device_Debug|x86.Build.0 = Debug|x86
		{248B5407-5B81-440D-8337-FB3A7D4B8EED}.IOS_Simulator_Debug|x64.ActiveCfg = Debug|x64
		{248B5407-5B81-440D-8337-FB3A7D4B8EED}.IOS_Simulator_Debug|x64.Build.0 = Debug|x64
		{248B5407-5B81-440D-8337-FB3A7D4B8EED}.IOS_Simulator_Debug|x86.ActiveCfg = Debug|x86
		{248B5407-5B81-440D-8337-FB3A7D4B8EED}.IOS_Simulator_Debug|x86.Build.0 = Debug|x86
		{248B5407-5B81-440D-8337-FB3A7D4B8EED}.Release|x64.ActiveCfg = Release|x64
		{248B5407-5B81-440D-8337-FB3A7D4B8EED}.Release|x64.Build.0 = Release|x64
		{248B5407-5B81-440D-8337-FB3A7D4B8EED}.Release|x86.ActiveCfg = Release|x86
		{248B5407-5B81-440D-8337-FB3A7D4B8EED}.Release|x86.Build.0 = Release|x86
		{D67072E8-F3D5-4320-ABC3-637EB1D20FC4}.Android_Simulator_Debug|x64.ActiveCfg = Debug|x64
		{D67072E8-F3D5-4320-ABC3-637EB1D20FC4}.Android_Simulator_Debug|x64.Build.0 = Debug|x64
		{D67072E8-F3D5-4320-ABC3-637EB1D20FC4}.Android_Simulator_Debug|x86.ActiveCfg = Debug|x86
		{D67072E8-F3D5-4320-ABC3-637EB1D20FC4}.Android_Simulator_Debug|x86.Build.0 = Debug|x86
		{D67072E8-F3D5-4320-ABC3-637EB1D20FC4}.Debug|x64.ActiveCfg = Debug|x64
		{D67072E8-F3D5-4320-ABC3-637EB1D20FC4}.Debug|x64.Build.0 = Debug|x64
		{D67072E8-F3D5-4320-ABC3-637EB1D20FC4}.Debug|x86.ActiveCfg = Debug|x86
		{D67072E8-F3D5-4320-ABC3-637EB1D20FC4}.Debug|x86.Build.0 = Debug|x86
		{D67072E8-F3D5-4320-ABC3-637EB1D20FC4}.Desktop_Debug|x64.ActiveCfg = Debug|x64
		{D67072E8-F3D5-4320-ABC3-637EB1D20FC4}.Desktop_Debug|x64.Build.0 = Debug|x64
		{D67072E8-F3D5-4320-ABC3-637EB1D20FC4}.Desktop_Debug|x86.ActiveCfg = Debug|x86
		{D67072E8-F3D5-4320-ABC3-637EB1D20FC4}.Desktop_Debug|x86.Build.0 = Debug|x86
		{D67072E8-F3D5-4320-ABC3-637EB1D20FC4}.Desktop_Release|x64.ActiveCfg = Desktop_Release|x64
		{D67072E8-F3D5-4320-ABC3-637EB1D20FC4}.Desktop_Release|x64.Build.0 = Desktop_Release|x64
		{D67072E8-F3D5-4320-ABC3-637EB1D20FC4}.Desktop_Release|x86.ActiveCfg = Desktop_Release|x86
		{D67072E8-F3D5-4320-ABC3-637EB1D20FC4}.Desktop_Release|x86.Build.0 = Desktop_Release|x86
		{D67072E8-F3D5-4320-ABC3-637EB1D20FC4}.IOS_Device_Debug|x64.ActiveCfg = Debug|x64
		{D67072E8-F3D5-4320-ABC3-637EB1D20FC4}.IOS_Device_Debug|x64.Build.0 = Debug|x64
		{D67072E8-F3D5-4320-ABC3-637EB1D20FC4}.IOS_Device_Debug|x86.ActiveCfg = Debug|x86
		{D67072E8-F3D5-4320-ABC3-637EB1D20FC4}.IOS_Device_Debug|x86.Build.0 = Debug|x86
		{D67072E8-F3D5-4320-ABC3-637EB1D20FC4}.IOS_Simulator_Debug|x64.ActiveCfg = Debug|x64
		{D67072E8-F3D5-4320-ABC3-637EB1D20FC4}.IOS_Simulator_Debug|x64.Build.0 = Debug|x64
		{D67072E8-F3D5-4320-ABC3-637EB1D20FC4}.IOS_Simulator_Debug|x86.ActiveCfg = Debug|x86
		{D67072E8-F3D5-4320-ABC3-637EB1D20FC4}.IOS_Simulator_Debug|x86.Build.0 = Debug|x86
		{D67072E8-F3D5-4320-ABC3-637EB1D20FC4}.Release|x64.ActiveCfg = Release|x64
		{D67072E8-F3D5-4320-ABC3-637EB1D20FC4}.Release|x64.Build.0 = Release|x64
		{D67072E8-F3D5-4320-ABC3-637EB1D20FC4}.Release|x86.ActiveCfg = Release|x86
		{D67072E8-F3D5-4320-ABC3-637EB1D20FC4}.Release|x86.Build.0 = Release|x86
	EndGlobalSection
	GlobalSection(SolutionProperties) = preSolution
		HideSolutionNode = FALSE
	EndGlobalSection
	GlobalSection(NestedProjects) = preSolution
		{115B04C6-9276-4BBF-9FE3-842866AF71D5} = {BE167C20-D070-495D-9881-F02681EEA5A4}
		{669436E4-A5AA-45F6-A361-271CBC947741} = {BE167C20-D070-495D-9881-F02681EEA5A4}
		{2D48F2E3-1EE3-4DDC-98DF-45D586D39383} = {2F5CEDCC-A3CD-4DFF-9543-22D7598C1FDF}
		{4426E9A0-D91F-4027-9C26-B6D73D098F64} = {2F5CEDCC-A3CD-4DFF-9543-22D7598C1FDF}
		{248B5407-5B81-440D-8337-FB3A7D4B8EED} = {7F0D9292-5C42-4836-B1E8-9F29E572D42E}
		{7F0D9292-5C42-4836-B1E8-9F29E572D42E} = {8D6B774C-5CD3-48B3-B750-9B8719A597AF}
		{D67072E8-F3D5-4320-ABC3-637EB1D20FC4} = {7F0D9292-5C42-4836-B1E8-9F29E572D42E}
	EndGlobalSection
	GlobalSection(ExtensibilityGlobals) = postSolution
		SolutionGuid = {43ACD540-A518-44FD-9F53-96947E323FBF}
	EndGlobalSection
EndGlobal
