
Microsoft Visual Studio Solution File, Format Version 12.00
# Visual Studio Version 17
VisualStudioVersion = 17.1.32407.343
MinimumVisualStudioVersion = 10.0.40219.1
Project("{2150E333-8FDC-42A3-9474-1A3956D46DE8}") = "Tests", "Tests", "{98C28454-8E5F-42AE-9711-400DBC7B0C67}"
EndProject
Project("{2150E333-8FDC-42A3-9474-1A3956D46DE8}") = "Source", "Source", "{27FF5E2F-4DE2-48B7-A634-12991564F2A7}"
EndProject
Project("{2150E333-8FDC-42A3-9474-1A3956D46DE8}") = "Identity", "Identity", "{6595FCB8-934B-4342-BA97-B2098C95F6C4}"
EndProject
Project("{2150E333-8FDC-42A3-9474-1A3956D46DE8}") = "Barcodes", "Barcodes", "{B2E86E90-2638-4EFE-9BA0-312385C29066}"
EndProject
Project("{2150E333-8FDC-42A3-9474-1A3956D46DE8}") = "Shared", "Shared", "{CC20576B-BAD9-4887-A968-2C739EBBC832}"
EndProject
Project("{9A19103F-16F7-4668-BE54-9A1E7A4F7556}") = "PVScan.Identity.Domain", "Backend\Identity\PVScan.Identity.Domain\PVScan.Identity.Domain.csproj", "{B2287E33-F276-448A-8C62-465E9DFB3261}"
EndProject
Project("{9A19103F-16F7-4668-BE54-9A1E7A4F7556}") = "PVScan.Shared", "Backend\Shared\PVScan.Shared\PVScan.Shared.csproj", "{B5397493-ED3E-4F26-A5A4-0FFD8671ADFA}"
EndProject
Project("{9A19103F-16F7-4668-BE54-9A1E7A4F7556}") = "PVScan.Barcodes.Domain", "Backend\Barcodes\PVScan.Barcodes.Domain\PVScan.Barcodes.Domain.csproj", "{7000BC98-94C5-44DB-A49A-97A17AE19773}"
EndProject
Project("{9A19103F-16F7-4668-BE54-9A1E7A4F7556}") = "PVScan.Barcodes.Infrastructure", "Backend\Barcodes\PVScan.Barcodes.Infrastructure\PVScan.Barcodes.Infrastructure.csproj", "{E57ED23D-82AC-4493-BE59-7291CA75F7A8}"
EndProject
Project("{9A19103F-16F7-4668-BE54-9A1E7A4F7556}") = "PVScan.Barcodes.API.Contract", "Backend\Barcodes\PVScan.Barcodes.API.Contract\PVScan.Barcodes.API.Contract.csproj", "{D0445154-7465-4853-93AC-85EEB3BEC0AB}"
EndProject
Project("{9A19103F-16F7-4668-BE54-9A1E7A4F7556}") = "PVScan.Barcodes.API", "Backend\Barcodes\PVScan.Barcodes.API\PVScan.Barcodes.API.csproj", "{676E1301-2FBD-4FB4-903D-16C448A25D69}"
EndProject
Project("{9A19103F-16F7-4668-BE54-9A1E7A4F7556}") = "PVScan.Identity.Infrastructure", "Backend\Identity\PVScan.Identity.Infrastructure\PVScan.Identity.Infrastructure.csproj", "{A438EC07-8FCD-45DE-9315-679E9BF9A528}"
EndProject
Project("{9A19103F-16F7-4668-BE54-9A1E7A4F7556}") = "PVScan.Identity.API.Contract", "Backend\Identity\PVScan.Identity.API.Contract\PVScan.Identity.API.Contract.csproj", "{B4E5B54A-9309-437E-BCEE-2AF0D74F2E85}"
EndProject
Project("{9A19103F-16F7-4668-BE54-9A1E7A4F7556}") = "PVScan.Identity.API", "Backend\Identity\PVScan.Identity.API\PVScan.Identity.API.csproj", "{631A9DA5-6946-4948-A58E-96266DA3C8E8}"
EndProject
Project("{9A19103F-16F7-4668-BE54-9A1E7A4F7556}") = "PVScan.Identity.Application", "Backend\Identity\PVScan.Identity.Application\PVScan.Identity.Application.csproj", "{7946E63C-0BE1-4114-B2E0-A6300813FA82}"
EndProject
Project("{9A19103F-16F7-4668-BE54-9A1E7A4F7556}") = "PVScan.API.Contract.Shared", "Backend\Shared\PVScan.API.Contract.Shared\PVScan.API.Contract.Shared.csproj", "{BAD5045B-8BAB-4EAF-8457-FD0E222632BA}"
EndProject
Project("{2150E333-8FDC-42A3-9474-1A3956D46DE8}") = "Deploy", "Deploy", "{8BAB3611-8FF2-42FF-B970-C995F86E179C}"
EndProject
Project("{9A19103F-16F7-4668-BE54-9A1E7A4F7556}") = "PVScan.Identity.Migrations", "Deploy\PVScan.Identity.Migrations\PVScan.Identity.Migrations.csproj", "{A25BDB72-73E1-4673-BC7D-1DEA5FB6E7A5}"
EndProject
Project("{FAE04EC0-301F-11D3-BF4B-00C04F79EFBC}") = "PVScan.Barcodes.Application", "Backend\Barcodes\PVScan.Barcodes.Application\PVScan.Barcodes.Application.csproj", "{9FAD479A-9D1D-4280-9FF8-B2C038F30CC0}"
EndProject
Global
	GlobalSection(SolutionConfigurationPlatforms) = preSolution
		Debug|Any CPU = Debug|Any CPU
		Release|Any CPU = Release|Any CPU
	EndGlobalSection
	GlobalSection(ProjectConfigurationPlatforms) = postSolution
		{B2287E33-F276-448A-8C62-465E9DFB3261}.Debug|Any CPU.ActiveCfg = Debug|Any CPU
		{B2287E33-F276-448A-8C62-465E9DFB3261}.Debug|Any CPU.Build.0 = Debug|Any CPU
		{B2287E33-F276-448A-8C62-465E9DFB3261}.Release|Any CPU.ActiveCfg = Release|Any CPU
		{B2287E33-F276-448A-8C62-465E9DFB3261}.Release|Any CPU.Build.0 = Release|Any CPU
		{B5397493-ED3E-4F26-A5A4-0FFD8671ADFA}.Debug|Any CPU.ActiveCfg = Debug|Any CPU
		{B5397493-ED3E-4F26-A5A4-0FFD8671ADFA}.Debug|Any CPU.Build.0 = Debug|Any CPU
		{B5397493-ED3E-4F26-A5A4-0FFD8671ADFA}.Release|Any CPU.ActiveCfg = Release|Any CPU
		{B5397493-ED3E-4F26-A5A4-0FFD8671ADFA}.Release|Any CPU.Build.0 = Release|Any CPU
		{7000BC98-94C5-44DB-A49A-97A17AE19773}.Debug|Any CPU.ActiveCfg = Debug|Any CPU
		{7000BC98-94C5-44DB-A49A-97A17AE19773}.Debug|Any CPU.Build.0 = Debug|Any CPU
		{7000BC98-94C5-44DB-A49A-97A17AE19773}.Release|Any CPU.ActiveCfg = Release|Any CPU
		{7000BC98-94C5-44DB-A49A-97A17AE19773}.Release|Any CPU.Build.0 = Release|Any CPU
		{E57ED23D-82AC-4493-BE59-7291CA75F7A8}.Debug|Any CPU.ActiveCfg = Debug|Any CPU
		{E57ED23D-82AC-4493-BE59-7291CA75F7A8}.Debug|Any CPU.Build.0 = Debug|Any CPU
		{E57ED23D-82AC-4493-BE59-7291CA75F7A8}.Release|Any CPU.ActiveCfg = Release|Any CPU
		{E57ED23D-82AC-4493-BE59-7291CA75F7A8}.Release|Any CPU.Build.0 = Release|Any CPU
		{D0445154-7465-4853-93AC-85EEB3BEC0AB}.Debug|Any CPU.ActiveCfg = Debug|Any CPU
		{D0445154-7465-4853-93AC-85EEB3BEC0AB}.Debug|Any CPU.Build.0 = Debug|Any CPU
		{D0445154-7465-4853-93AC-85EEB3BEC0AB}.Release|Any CPU.ActiveCfg = Release|Any CPU
		{D0445154-7465-4853-93AC-85EEB3BEC0AB}.Release|Any CPU.Build.0 = Release|Any CPU
		{676E1301-2FBD-4FB4-903D-16C448A25D69}.Debug|Any CPU.ActiveCfg = Debug|Any CPU
		{676E1301-2FBD-4FB4-903D-16C448A25D69}.Debug|Any CPU.Build.0 = Debug|Any CPU
		{676E1301-2FBD-4FB4-903D-16C448A25D69}.Release|Any CPU.ActiveCfg = Release|Any CPU
		{676E1301-2FBD-4FB4-903D-16C448A25D69}.Release|Any CPU.Build.0 = Release|Any CPU
		{A438EC07-8FCD-45DE-9315-679E9BF9A528}.Debug|Any CPU.ActiveCfg = Debug|Any CPU
		{A438EC07-8FCD-45DE-9315-679E9BF9A528}.Debug|Any CPU.Build.0 = Debug|Any CPU
		{A438EC07-8FCD-45DE-9315-679E9BF9A528}.Release|Any CPU.ActiveCfg = Release|Any CPU
		{A438EC07-8FCD-45DE-9315-679E9BF9A528}.Release|Any CPU.Build.0 = Release|Any CPU
		{B4E5B54A-9309-437E-BCEE-2AF0D74F2E85}.Debug|Any CPU.ActiveCfg = Debug|Any CPU
		{B4E5B54A-9309-437E-BCEE-2AF0D74F2E85}.Debug|Any CPU.Build.0 = Debug|Any CPU
		{B4E5B54A-9309-437E-BCEE-2AF0D74F2E85}.Release|Any CPU.ActiveCfg = Release|Any CPU
		{B4E5B54A-9309-437E-BCEE-2AF0D74F2E85}.Release|Any CPU.Build.0 = Release|Any CPU
		{631A9DA5-6946-4948-A58E-96266DA3C8E8}.Debug|Any CPU.ActiveCfg = Debug|Any CPU
		{631A9DA5-6946-4948-A58E-96266DA3C8E8}.Debug|Any CPU.Build.0 = Debug|Any CPU
		{631A9DA5-6946-4948-A58E-96266DA3C8E8}.Release|Any CPU.ActiveCfg = Release|Any CPU
		{631A9DA5-6946-4948-A58E-96266DA3C8E8}.Release|Any CPU.Build.0 = Release|Any CPU
		{7946E63C-0BE1-4114-B2E0-A6300813FA82}.Debug|Any CPU.ActiveCfg = Debug|Any CPU
		{7946E63C-0BE1-4114-B2E0-A6300813FA82}.Debug|Any CPU.Build.0 = Debug|Any CPU
		{7946E63C-0BE1-4114-B2E0-A6300813FA82}.Release|Any CPU.ActiveCfg = Release|Any CPU
		{7946E63C-0BE1-4114-B2E0-A6300813FA82}.Release|Any CPU.Build.0 = Release|Any CPU
		{BAD5045B-8BAB-4EAF-8457-FD0E222632BA}.Debug|Any CPU.ActiveCfg = Debug|Any CPU
		{BAD5045B-8BAB-4EAF-8457-FD0E222632BA}.Debug|Any CPU.Build.0 = Debug|Any CPU
		{BAD5045B-8BAB-4EAF-8457-FD0E222632BA}.Release|Any CPU.ActiveCfg = Release|Any CPU
		{BAD5045B-8BAB-4EAF-8457-FD0E222632BA}.Release|Any CPU.Build.0 = Release|Any CPU
		{A25BDB72-73E1-4673-BC7D-1DEA5FB6E7A5}.Debug|Any CPU.ActiveCfg = Debug|Any CPU
		{A25BDB72-73E1-4673-BC7D-1DEA5FB6E7A5}.Debug|Any CPU.Build.0 = Debug|Any CPU
		{A25BDB72-73E1-4673-BC7D-1DEA5FB6E7A5}.Release|Any CPU.ActiveCfg = Release|Any CPU
		{A25BDB72-73E1-4673-BC7D-1DEA5FB6E7A5}.Release|Any CPU.Build.0 = Release|Any CPU
		{9FAD479A-9D1D-4280-9FF8-B2C038F30CC0}.Debug|Any CPU.ActiveCfg = Debug|Any CPU
		{9FAD479A-9D1D-4280-9FF8-B2C038F30CC0}.Debug|Any CPU.Build.0 = Debug|Any CPU
		{9FAD479A-9D1D-4280-9FF8-B2C038F30CC0}.Release|Any CPU.ActiveCfg = Release|Any CPU
		{9FAD479A-9D1D-4280-9FF8-B2C038F30CC0}.Release|Any CPU.Build.0 = Release|Any CPU
	EndGlobalSection
	GlobalSection(SolutionProperties) = preSolution
		HideSolutionNode = FALSE
	EndGlobalSection
	GlobalSection(NestedProjects) = preSolution
		{6595FCB8-934B-4342-BA97-B2098C95F6C4} = {27FF5E2F-4DE2-48B7-A634-12991564F2A7}
		{B2E86E90-2638-4EFE-9BA0-312385C29066} = {27FF5E2F-4DE2-48B7-A634-12991564F2A7}
		{CC20576B-BAD9-4887-A968-2C739EBBC832} = {27FF5E2F-4DE2-48B7-A634-12991564F2A7}
		{B2287E33-F276-448A-8C62-465E9DFB3261} = {6595FCB8-934B-4342-BA97-B2098C95F6C4}
		{B5397493-ED3E-4F26-A5A4-0FFD8671ADFA} = {CC20576B-BAD9-4887-A968-2C739EBBC832}
		{7000BC98-94C5-44DB-A49A-97A17AE19773} = {B2E86E90-2638-4EFE-9BA0-312385C29066}
		{E57ED23D-82AC-4493-BE59-7291CA75F7A8} = {B2E86E90-2638-4EFE-9BA0-312385C29066}
		{D0445154-7465-4853-93AC-85EEB3BEC0AB} = {B2E86E90-2638-4EFE-9BA0-312385C29066}
		{676E1301-2FBD-4FB4-903D-16C448A25D69} = {B2E86E90-2638-4EFE-9BA0-312385C29066}
		{A438EC07-8FCD-45DE-9315-679E9BF9A528} = {6595FCB8-934B-4342-BA97-B2098C95F6C4}
		{B4E5B54A-9309-437E-BCEE-2AF0D74F2E85} = {6595FCB8-934B-4342-BA97-B2098C95F6C4}
		{631A9DA5-6946-4948-A58E-96266DA3C8E8} = {6595FCB8-934B-4342-BA97-B2098C95F6C4}
		{7946E63C-0BE1-4114-B2E0-A6300813FA82} = {6595FCB8-934B-4342-BA97-B2098C95F6C4}
		{BAD5045B-8BAB-4EAF-8457-FD0E222632BA} = {CC20576B-BAD9-4887-A968-2C739EBBC832}
		{A25BDB72-73E1-4673-BC7D-1DEA5FB6E7A5} = {8BAB3611-8FF2-42FF-B970-C995F86E179C}
		{9FAD479A-9D1D-4280-9FF8-B2C038F30CC0} = {B2E86E90-2638-4EFE-9BA0-312385C29066}
	EndGlobalSection
	GlobalSection(ExtensibilityGlobals) = postSolution
		SolutionGuid = {6EE3A555-8C5A-4145-8746-17BA49DD45AF}
	EndGlobalSection
EndGlobal
