
Microsoft Visual Studio Solution File, Format Version 12.00
# Visual Studio Version 16
VisualStudioVersion = 16.0.30804.86
MinimumVisualStudioVersion = 10.0.40219.1
Project("{2150E333-8FDC-42A3-9474-1A3956D46DE8}") = "Source", "Source", "{346F18F4-95AD-40C4-9414-4E2BB424B049}"
EndProject
Project("{2150E333-8FDC-42A3-9474-1A3956D46DE8}") = "Tests", "Tests", "{3232D081-A6E0-4887-83BF-6052EAD2C674}"
EndProject
Project("{2150E333-8FDC-42A3-9474-1A3956D46DE8}") = "Web", "Web", "{B9FE8182-8A93-4C47-9EA2-F22F7C16945B}"
EndProject
Project("{2150E333-8FDC-42A3-9474-1A3956D46DE8}") = "Web", "Web", "{03B2DA7F-5C61-47F3-9500-BE2FC223BA85}"
EndProject
Project("{2150E333-8FDC-42A3-9474-1A3956D46DE8}") = "Backend", "Backend", "{A6968747-F2E4-48F1-9BB1-591C9F96B377}"
EndProject
Project("{2150E333-8FDC-42A3-9474-1A3956D46DE8}") = "Backend", "Backend", "{D688DD61-0EBA-4DCD-B9D3-F51196E32563}"
EndProject
Project("{9A19103F-16F7-4668-BE54-9A1E7A4F7556}") = "PVScan.Domain", "Source\Web\Backend\PVScan.Domain\PVScan.Domain.csproj", "{C8F76BED-05DA-4922-B428-F4ECFA5B4ABD}"
EndProject
Project("{9A19103F-16F7-4668-BE54-9A1E7A4F7556}") = "PVScan.Database", "Source\Web\Backend\PVScan.Database\PVScan.Database.csproj", "{C6A8827E-114A-404C-A889-4ABD49E7BEE4}"
EndProject
Project("{9A19103F-16F7-4668-BE54-9A1E7A4F7556}") = "PVScan.Auth", "Source\Web\Backend\PVScan.Auth\PVScan.Auth.csproj", "{B6826E07-19C5-4610-9E8F-09B725CF6C91}"
EndProject
Project("{9A19103F-16F7-4668-BE54-9A1E7A4F7556}") = "PVScan.API", "Source\Web\Backend\PVScan.API\PVScan.API.csproj", "{D787CEA4-2E81-40AB-A06D-60207BD15481}"
EndProject
Project("{9A19103F-16F7-4668-BE54-9A1E7A4F7556}") = "PVScan.API.Tests", "Tests\Web\Backend\PVScan.API.Tests\PVScan.API.Tests.csproj", "{865D3170-E38F-4181-8F4C-C42FBEFE6A8A}"
EndProject
Project("{9A19103F-16F7-4668-BE54-9A1E7A4F7556}") = "PVScan.Auth.Tests", "Tests\Web\Backend\PVScan.Auth.Tests\PVScan.Auth.Tests.csproj", "{611E36E1-2CDB-4600-91D3-C8445887E9E4}"
EndProject
Project("{9A19103F-16F7-4668-BE54-9A1E7A4F7556}") = "PVScan.Database.Tests", "Tests\Web\Backend\PVScan.Database.Tests\PVScan.Database.Tests.csproj", "{4EF83A29-FB19-4FB7-AE76-E7243597A386}"
EndProject
Project("{9A19103F-16F7-4668-BE54-9A1E7A4F7556}") = "PVScan.Domain.Tests", "Tests\Web\Backend\PVScan.Domain.Tests\PVScan.Domain.Tests.csproj", "{7D60F142-79FD-4190-8B2D-CD516F4AFF30}"
EndProject
Project("{2150E333-8FDC-42A3-9474-1A3956D46DE8}") = "Mobile", "Mobile", "{95FA911A-A23D-4A1F-8149-1688D0004865}"
EndProject
Project("{2150E333-8FDC-42A3-9474-1A3956D46DE8}") = "Mobile", "Mobile", "{8CBBA935-83BD-4C83-8D92-66F8E5E3F55C}"
EndProject
Project("{9A19103F-16F7-4668-BE54-9A1E7A4F7556}") = "PVScan.Mobile", "Source\Mobile\PVScan.Mobile\PVScan.Mobile.csproj", "{C35D18A0-F42A-4622-A692-8D8A69A414C6}"
EndProject
Project("{FAE04EC0-301F-11D3-BF4B-00C04F79EFBC}") = "PVScan.Mobile.Android", "Source\Mobile\PVScan.Mobile.Android\PVScan.Mobile.Android.csproj", "{CACD3CA9-35C0-402C-9D96-10C75369A1EA}"
EndProject
Project("{FAE04EC0-301F-11D3-BF4B-00C04F79EFBC}") = "PVScan.Mobile.iOS", "Source\Mobile\PVScan.Mobile.iOS\PVScan.Mobile.iOS.csproj", "{A4463B93-9E01-4E58-9F20-3A88FC49EAFB}"
EndProject
Project("{9A19103F-16F7-4668-BE54-9A1E7A4F7556}") = "PVScan.Mobile.Tests", "Tests\Mobile\PVScan.Mobile.Tests\PVScan.Mobile.Tests.csproj", "{C44D8B07-A5F3-4443-AB80-AAB64924391E}"
EndProject
Project("{2150E333-8FDC-42A3-9474-1A3956D46DE8}") = "Desktop", "Desktop", "{01BC1C2B-F61E-4082-9B70-2D495F22F4F1}"
EndProject
Project("{2150E333-8FDC-42A3-9474-1A3956D46DE8}") = "Desktop", "Desktop", "{14976025-5E89-4B44-B81F-2B276DC6C897}"
EndProject
Project("{2150E333-8FDC-42A3-9474-1A3956D46DE8}") = "Core", "Core", "{F8621611-F1DE-4DA8-BD4D-1ED50D2B98C9}"
EndProject
Project("{2150E333-8FDC-42A3-9474-1A3956D46DE8}") = "Core", "Core", "{751CF7EA-7D8E-46C5-A16B-9E0CD109CF88}"
EndProject
Project("{9A19103F-16F7-4668-BE54-9A1E7A4F7556}") = "PVScan.Core", "Source\Core\PVScan.Core\PVScan.Core.csproj", "{8E498BC2-CFD2-44C7-83FE-F4A29286001D}"
EndProject
Project("{9A19103F-16F7-4668-BE54-9A1E7A4F7556}") = "PVScan.Desktop.WPF", "Source\Desktop\Windows\PVScan.Desktop.WPF\PVScan.Desktop.WPF.csproj", "{516D778E-DB61-429A-AFC7-F7B968A01017}"
EndProject
Project("{9A19103F-16F7-4668-BE54-9A1E7A4F7556}") = "PVScan.Desktop.WPF.Tests", "Tests\Desktop\Windows\PVScan.Desktop.WPF.Tests\PVScan.Desktop.WPF.Tests.csproj", "{4D78D79D-E00C-404E-806C-728881FF7A3B}"
EndProject
Project("{9A19103F-16F7-4668-BE54-9A1E7A4F7556}") = "PVScan.Core.Tests", "Tests\Core\PVScan.Core.Tests\PVScan.Core.Tests.csproj", "{B500BB18-DFE9-4878-869A-2B46B21FEA40}"
EndProject
Global
	GlobalSection(SolutionConfigurationPlatforms) = preSolution
		Android_Simulator_Debug|Any CPU = Android_Simulator_Debug|Any CPU
		Android_Simulator_Debug|iPhone = Android_Simulator_Debug|iPhone
		Android_Simulator_Debug|iPhoneSimulator = Android_Simulator_Debug|iPhoneSimulator
		Android_Simulator_Debug|x64 = Android_Simulator_Debug|x64
		Android_Simulator_Debug|x86 = Android_Simulator_Debug|x86
		Desktop_Debug|Any CPU = Desktop_Debug|Any CPU
		Desktop_Debug|iPhone = Desktop_Debug|iPhone
		Desktop_Debug|iPhoneSimulator = Desktop_Debug|iPhoneSimulator
		Desktop_Debug|x64 = Desktop_Debug|x64
		Desktop_Debug|x86 = Desktop_Debug|x86
		Desktop_Release|Any CPU = Desktop_Release|Any CPU
		Desktop_Release|iPhone = Desktop_Release|iPhone
		Desktop_Release|iPhoneSimulator = Desktop_Release|iPhoneSimulator
		Desktop_Release|x64 = Desktop_Release|x64
		Desktop_Release|x86 = Desktop_Release|x86
		IOS_Device_Debug|Any CPU = IOS_Device_Debug|Any CPU
		IOS_Device_Debug|iPhone = IOS_Device_Debug|iPhone
		IOS_Device_Debug|iPhoneSimulator = IOS_Device_Debug|iPhoneSimulator
		IOS_Device_Debug|x64 = IOS_Device_Debug|x64
		IOS_Device_Debug|x86 = IOS_Device_Debug|x86
		IOS_Simulator_Debug|Any CPU = IOS_Simulator_Debug|Any CPU
		IOS_Simulator_Debug|iPhone = IOS_Simulator_Debug|iPhone
		IOS_Simulator_Debug|iPhoneSimulator = IOS_Simulator_Debug|iPhoneSimulator
		IOS_Simulator_Debug|x64 = IOS_Simulator_Debug|x64
		IOS_Simulator_Debug|x86 = IOS_Simulator_Debug|x86
	EndGlobalSection
	GlobalSection(ProjectConfigurationPlatforms) = postSolution
		{C8F76BED-05DA-4922-B428-F4ECFA5B4ABD}.Android_Simulator_Debug|Any CPU.ActiveCfg = Debug|Any CPU
		{C8F76BED-05DA-4922-B428-F4ECFA5B4ABD}.Android_Simulator_Debug|iPhone.ActiveCfg = Debug|Any CPU
		{C8F76BED-05DA-4922-B428-F4ECFA5B4ABD}.Android_Simulator_Debug|iPhone.Build.0 = Debug|Any CPU
		{C8F76BED-05DA-4922-B428-F4ECFA5B4ABD}.Android_Simulator_Debug|iPhoneSimulator.ActiveCfg = Debug|Any CPU
		{C8F76BED-05DA-4922-B428-F4ECFA5B4ABD}.Android_Simulator_Debug|iPhoneSimulator.Build.0 = Debug|Any CPU
		{C8F76BED-05DA-4922-B428-F4ECFA5B4ABD}.Android_Simulator_Debug|x64.ActiveCfg = Debug|Any CPU
		{C8F76BED-05DA-4922-B428-F4ECFA5B4ABD}.Android_Simulator_Debug|x64.Build.0 = Debug|Any CPU
		{C8F76BED-05DA-4922-B428-F4ECFA5B4ABD}.Android_Simulator_Debug|x86.ActiveCfg = Debug|Any CPU
		{C8F76BED-05DA-4922-B428-F4ECFA5B4ABD}.Android_Simulator_Debug|x86.Build.0 = Debug|Any CPU
		{C8F76BED-05DA-4922-B428-F4ECFA5B4ABD}.Desktop_Debug|Any CPU.ActiveCfg = Debug|Any CPU
		{C8F76BED-05DA-4922-B428-F4ECFA5B4ABD}.Desktop_Debug|iPhone.ActiveCfg = Debug|Any CPU
		{C8F76BED-05DA-4922-B428-F4ECFA5B4ABD}.Desktop_Debug|iPhone.Build.0 = Debug|Any CPU
		{C8F76BED-05DA-4922-B428-F4ECFA5B4ABD}.Desktop_Debug|iPhoneSimulator.ActiveCfg = Debug|Any CPU
		{C8F76BED-05DA-4922-B428-F4ECFA5B4ABD}.Desktop_Debug|iPhoneSimulator.Build.0 = Debug|Any CPU
		{C8F76BED-05DA-4922-B428-F4ECFA5B4ABD}.Desktop_Debug|x64.ActiveCfg = Debug|Any CPU
		{C8F76BED-05DA-4922-B428-F4ECFA5B4ABD}.Desktop_Debug|x86.ActiveCfg = Debug|Any CPU
		{C8F76BED-05DA-4922-B428-F4ECFA5B4ABD}.Desktop_Release|Any CPU.ActiveCfg = Release|Any CPU
		{C8F76BED-05DA-4922-B428-F4ECFA5B4ABD}.Desktop_Release|Any CPU.Build.0 = Release|Any CPU
		{C8F76BED-05DA-4922-B428-F4ECFA5B4ABD}.Desktop_Release|iPhone.ActiveCfg = Release|Any CPU
		{C8F76BED-05DA-4922-B428-F4ECFA5B4ABD}.Desktop_Release|iPhone.Build.0 = Release|Any CPU
		{C8F76BED-05DA-4922-B428-F4ECFA5B4ABD}.Desktop_Release|iPhoneSimulator.ActiveCfg = Release|Any CPU
		{C8F76BED-05DA-4922-B428-F4ECFA5B4ABD}.Desktop_Release|iPhoneSimulator.Build.0 = Release|Any CPU
		{C8F76BED-05DA-4922-B428-F4ECFA5B4ABD}.Desktop_Release|x64.ActiveCfg = Release|Any CPU
		{C8F76BED-05DA-4922-B428-F4ECFA5B4ABD}.Desktop_Release|x64.Build.0 = Release|Any CPU
		{C8F76BED-05DA-4922-B428-F4ECFA5B4ABD}.Desktop_Release|x86.ActiveCfg = Release|Any CPU
		{C8F76BED-05DA-4922-B428-F4ECFA5B4ABD}.Desktop_Release|x86.Build.0 = Release|Any CPU
		{C8F76BED-05DA-4922-B428-F4ECFA5B4ABD}.IOS_Device_Debug|Any CPU.ActiveCfg = Debug|Any CPU
		{C8F76BED-05DA-4922-B428-F4ECFA5B4ABD}.IOS_Device_Debug|Any CPU.Build.0 = Debug|Any CPU
		{C8F76BED-05DA-4922-B428-F4ECFA5B4ABD}.IOS_Device_Debug|iPhone.ActiveCfg = Debug|Any CPU
		{C8F76BED-05DA-4922-B428-F4ECFA5B4ABD}.IOS_Device_Debug|iPhone.Build.0 = Debug|Any CPU
		{C8F76BED-05DA-4922-B428-F4ECFA5B4ABD}.IOS_Device_Debug|iPhoneSimulator.ActiveCfg = Debug|Any CPU
		{C8F76BED-05DA-4922-B428-F4ECFA5B4ABD}.IOS_Device_Debug|iPhoneSimulator.Build.0 = Debug|Any CPU
		{C8F76BED-05DA-4922-B428-F4ECFA5B4ABD}.IOS_Device_Debug|x64.ActiveCfg = Debug|Any CPU
		{C8F76BED-05DA-4922-B428-F4ECFA5B4ABD}.IOS_Device_Debug|x64.Build.0 = Debug|Any CPU
		{C8F76BED-05DA-4922-B428-F4ECFA5B4ABD}.IOS_Device_Debug|x86.ActiveCfg = Debug|Any CPU
		{C8F76BED-05DA-4922-B428-F4ECFA5B4ABD}.IOS_Device_Debug|x86.Build.0 = Debug|Any CPU
		{C8F76BED-05DA-4922-B428-F4ECFA5B4ABD}.IOS_Simulator_Debug|Any CPU.ActiveCfg = Debug|Any CPU
		{C8F76BED-05DA-4922-B428-F4ECFA5B4ABD}.IOS_Simulator_Debug|Any CPU.Build.0 = Debug|Any CPU
		{C8F76BED-05DA-4922-B428-F4ECFA5B4ABD}.IOS_Simulator_Debug|iPhone.ActiveCfg = Debug|Any CPU
		{C8F76BED-05DA-4922-B428-F4ECFA5B4ABD}.IOS_Simulator_Debug|iPhoneSimulator.ActiveCfg = Debug|Any CPU
		{C8F76BED-05DA-4922-B428-F4ECFA5B4ABD}.IOS_Simulator_Debug|iPhoneSimulator.Build.0 = Debug|Any CPU
		{C8F76BED-05DA-4922-B428-F4ECFA5B4ABD}.IOS_Simulator_Debug|x64.ActiveCfg = Debug|Any CPU
		{C8F76BED-05DA-4922-B428-F4ECFA5B4ABD}.IOS_Simulator_Debug|x64.Build.0 = Debug|Any CPU
		{C8F76BED-05DA-4922-B428-F4ECFA5B4ABD}.IOS_Simulator_Debug|x86.ActiveCfg = Debug|Any CPU
		{C8F76BED-05DA-4922-B428-F4ECFA5B4ABD}.IOS_Simulator_Debug|x86.Build.0 = Debug|Any CPU
		{C6A8827E-114A-404C-A889-4ABD49E7BEE4}.Android_Simulator_Debug|Any CPU.ActiveCfg = Debug|Any CPU
		{C6A8827E-114A-404C-A889-4ABD49E7BEE4}.Android_Simulator_Debug|iPhone.ActiveCfg = Debug|Any CPU
		{C6A8827E-114A-404C-A889-4ABD49E7BEE4}.Android_Simulator_Debug|iPhone.Build.0 = Debug|Any CPU
		{C6A8827E-114A-404C-A889-4ABD49E7BEE4}.Android_Simulator_Debug|iPhoneSimulator.ActiveCfg = Debug|Any CPU
		{C6A8827E-114A-404C-A889-4ABD49E7BEE4}.Android_Simulator_Debug|iPhoneSimulator.Build.0 = Debug|Any CPU
		{C6A8827E-114A-404C-A889-4ABD49E7BEE4}.Android_Simulator_Debug|x64.ActiveCfg = Debug|Any CPU
		{C6A8827E-114A-404C-A889-4ABD49E7BEE4}.Android_Simulator_Debug|x64.Build.0 = Debug|Any CPU
		{C6A8827E-114A-404C-A889-4ABD49E7BEE4}.Android_Simulator_Debug|x86.ActiveCfg = Debug|Any CPU
		{C6A8827E-114A-404C-A889-4ABD49E7BEE4}.Android_Simulator_Debug|x86.Build.0 = Debug|Any CPU
		{C6A8827E-114A-404C-A889-4ABD49E7BEE4}.Desktop_Debug|Any CPU.ActiveCfg = Debug|Any CPU
		{C6A8827E-114A-404C-A889-4ABD49E7BEE4}.Desktop_Debug|iPhone.ActiveCfg = Debug|Any CPU
		{C6A8827E-114A-404C-A889-4ABD49E7BEE4}.Desktop_Debug|iPhone.Build.0 = Debug|Any CPU
		{C6A8827E-114A-404C-A889-4ABD49E7BEE4}.Desktop_Debug|iPhoneSimulator.ActiveCfg = Debug|Any CPU
		{C6A8827E-114A-404C-A889-4ABD49E7BEE4}.Desktop_Debug|iPhoneSimulator.Build.0 = Debug|Any CPU
		{C6A8827E-114A-404C-A889-4ABD49E7BEE4}.Desktop_Debug|x64.ActiveCfg = Debug|Any CPU
		{C6A8827E-114A-404C-A889-4ABD49E7BEE4}.Desktop_Debug|x86.ActiveCfg = Debug|Any CPU
		{C6A8827E-114A-404C-A889-4ABD49E7BEE4}.Desktop_Release|Any CPU.ActiveCfg = Release|Any CPU
		{C6A8827E-114A-404C-A889-4ABD49E7BEE4}.Desktop_Release|Any CPU.Build.0 = Release|Any CPU
		{C6A8827E-114A-404C-A889-4ABD49E7BEE4}.Desktop_Release|iPhone.ActiveCfg = Release|Any CPU
		{C6A8827E-114A-404C-A889-4ABD49E7BEE4}.Desktop_Release|iPhone.Build.0 = Release|Any CPU
		{C6A8827E-114A-404C-A889-4ABD49E7BEE4}.Desktop_Release|iPhoneSimulator.ActiveCfg = Release|Any CPU
		{C6A8827E-114A-404C-A889-4ABD49E7BEE4}.Desktop_Release|iPhoneSimulator.Build.0 = Release|Any CPU
		{C6A8827E-114A-404C-A889-4ABD49E7BEE4}.Desktop_Release|x64.ActiveCfg = Release|Any CPU
		{C6A8827E-114A-404C-A889-4ABD49E7BEE4}.Desktop_Release|x64.Build.0 = Release|Any CPU
		{C6A8827E-114A-404C-A889-4ABD49E7BEE4}.Desktop_Release|x86.ActiveCfg = Release|Any CPU
		{C6A8827E-114A-404C-A889-4ABD49E7BEE4}.Desktop_Release|x86.Build.0 = Release|Any CPU
		{C6A8827E-114A-404C-A889-4ABD49E7BEE4}.IOS_Device_Debug|Any CPU.ActiveCfg = Debug|Any CPU
		{C6A8827E-114A-404C-A889-4ABD49E7BEE4}.IOS_Device_Debug|Any CPU.Build.0 = Debug|Any CPU
		{C6A8827E-114A-404C-A889-4ABD49E7BEE4}.IOS_Device_Debug|iPhone.ActiveCfg = Debug|Any CPU
		{C6A8827E-114A-404C-A889-4ABD49E7BEE4}.IOS_Device_Debug|iPhone.Build.0 = Debug|Any CPU
		{C6A8827E-114A-404C-A889-4ABD49E7BEE4}.IOS_Device_Debug|iPhoneSimulator.ActiveCfg = Debug|Any CPU
		{C6A8827E-114A-404C-A889-4ABD49E7BEE4}.IOS_Device_Debug|iPhoneSimulator.Build.0 = Debug|Any CPU
		{C6A8827E-114A-404C-A889-4ABD49E7BEE4}.IOS_Device_Debug|x64.ActiveCfg = Debug|Any CPU
		{C6A8827E-114A-404C-A889-4ABD49E7BEE4}.IOS_Device_Debug|x64.Build.0 = Debug|Any CPU
		{C6A8827E-114A-404C-A889-4ABD49E7BEE4}.IOS_Device_Debug|x86.ActiveCfg = Debug|Any CPU
		{C6A8827E-114A-404C-A889-4ABD49E7BEE4}.IOS_Device_Debug|x86.Build.0 = Debug|Any CPU
		{C6A8827E-114A-404C-A889-4ABD49E7BEE4}.IOS_Simulator_Debug|Any CPU.ActiveCfg = Debug|Any CPU
		{C6A8827E-114A-404C-A889-4ABD49E7BEE4}.IOS_Simulator_Debug|Any CPU.Build.0 = Debug|Any CPU
		{C6A8827E-114A-404C-A889-4ABD49E7BEE4}.IOS_Simulator_Debug|iPhone.ActiveCfg = Debug|Any CPU
		{C6A8827E-114A-404C-A889-4ABD49E7BEE4}.IOS_Simulator_Debug|iPhoneSimulator.ActiveCfg = Debug|Any CPU
		{C6A8827E-114A-404C-A889-4ABD49E7BEE4}.IOS_Simulator_Debug|iPhoneSimulator.Build.0 = Debug|Any CPU
		{C6A8827E-114A-404C-A889-4ABD49E7BEE4}.IOS_Simulator_Debug|x64.ActiveCfg = Debug|Any CPU
		{C6A8827E-114A-404C-A889-4ABD49E7BEE4}.IOS_Simulator_Debug|x64.Build.0 = Debug|Any CPU
		{C6A8827E-114A-404C-A889-4ABD49E7BEE4}.IOS_Simulator_Debug|x86.ActiveCfg = Debug|Any CPU
		{C6A8827E-114A-404C-A889-4ABD49E7BEE4}.IOS_Simulator_Debug|x86.Build.0 = Debug|Any CPU
		{B6826E07-19C5-4610-9E8F-09B725CF6C91}.Android_Simulator_Debug|Any CPU.ActiveCfg = Debug|Any CPU
		{B6826E07-19C5-4610-9E8F-09B725CF6C91}.Android_Simulator_Debug|iPhone.ActiveCfg = Debug|Any CPU
		{B6826E07-19C5-4610-9E8F-09B725CF6C91}.Android_Simulator_Debug|iPhone.Build.0 = Debug|Any CPU
		{B6826E07-19C5-4610-9E8F-09B725CF6C91}.Android_Simulator_Debug|iPhoneSimulator.ActiveCfg = Debug|Any CPU
		{B6826E07-19C5-4610-9E8F-09B725CF6C91}.Android_Simulator_Debug|iPhoneSimulator.Build.0 = Debug|Any CPU
		{B6826E07-19C5-4610-9E8F-09B725CF6C91}.Android_Simulator_Debug|x64.ActiveCfg = Debug|Any CPU
		{B6826E07-19C5-4610-9E8F-09B725CF6C91}.Android_Simulator_Debug|x64.Build.0 = Debug|Any CPU
		{B6826E07-19C5-4610-9E8F-09B725CF6C91}.Android_Simulator_Debug|x86.ActiveCfg = Debug|Any CPU
		{B6826E07-19C5-4610-9E8F-09B725CF6C91}.Android_Simulator_Debug|x86.Build.0 = Debug|Any CPU
		{B6826E07-19C5-4610-9E8F-09B725CF6C91}.Desktop_Debug|Any CPU.ActiveCfg = Debug|Any CPU
		{B6826E07-19C5-4610-9E8F-09B725CF6C91}.Desktop_Debug|iPhone.ActiveCfg = Debug|Any CPU
		{B6826E07-19C5-4610-9E8F-09B725CF6C91}.Desktop_Debug|iPhone.Build.0 = Debug|Any CPU
		{B6826E07-19C5-4610-9E8F-09B725CF6C91}.Desktop_Debug|iPhoneSimulator.ActiveCfg = Debug|Any CPU
		{B6826E07-19C5-4610-9E8F-09B725CF6C91}.Desktop_Debug|iPhoneSimulator.Build.0 = Debug|Any CPU
		{B6826E07-19C5-4610-9E8F-09B725CF6C91}.Desktop_Debug|x64.ActiveCfg = Debug|Any CPU
		{B6826E07-19C5-4610-9E8F-09B725CF6C91}.Desktop_Debug|x86.ActiveCfg = Debug|Any CPU
		{B6826E07-19C5-4610-9E8F-09B725CF6C91}.Desktop_Release|Any CPU.ActiveCfg = Release|Any CPU
		{B6826E07-19C5-4610-9E8F-09B725CF6C91}.Desktop_Release|Any CPU.Build.0 = Release|Any CPU
		{B6826E07-19C5-4610-9E8F-09B725CF6C91}.Desktop_Release|iPhone.ActiveCfg = Release|Any CPU
		{B6826E07-19C5-4610-9E8F-09B725CF6C91}.Desktop_Release|iPhone.Build.0 = Release|Any CPU
		{B6826E07-19C5-4610-9E8F-09B725CF6C91}.Desktop_Release|iPhoneSimulator.ActiveCfg = Release|Any CPU
		{B6826E07-19C5-4610-9E8F-09B725CF6C91}.Desktop_Release|iPhoneSimulator.Build.0 = Release|Any CPU
		{B6826E07-19C5-4610-9E8F-09B725CF6C91}.Desktop_Release|x64.ActiveCfg = Release|Any CPU
		{B6826E07-19C5-4610-9E8F-09B725CF6C91}.Desktop_Release|x64.Build.0 = Release|Any CPU
		{B6826E07-19C5-4610-9E8F-09B725CF6C91}.Desktop_Release|x86.ActiveCfg = Release|Any CPU
		{B6826E07-19C5-4610-9E8F-09B725CF6C91}.Desktop_Release|x86.Build.0 = Release|Any CPU
		{B6826E07-19C5-4610-9E8F-09B725CF6C91}.IOS_Device_Debug|Any CPU.ActiveCfg = Debug|Any CPU
		{B6826E07-19C5-4610-9E8F-09B725CF6C91}.IOS_Device_Debug|Any CPU.Build.0 = Debug|Any CPU
		{B6826E07-19C5-4610-9E8F-09B725CF6C91}.IOS_Device_Debug|iPhone.ActiveCfg = Debug|Any CPU
		{B6826E07-19C5-4610-9E8F-09B725CF6C91}.IOS_Device_Debug|iPhone.Build.0 = Debug|Any CPU
		{B6826E07-19C5-4610-9E8F-09B725CF6C91}.IOS_Device_Debug|iPhoneSimulator.ActiveCfg = Debug|Any CPU
		{B6826E07-19C5-4610-9E8F-09B725CF6C91}.IOS_Device_Debug|iPhoneSimulator.Build.0 = Debug|Any CPU
		{B6826E07-19C5-4610-9E8F-09B725CF6C91}.IOS_Device_Debug|x64.ActiveCfg = Debug|Any CPU
		{B6826E07-19C5-4610-9E8F-09B725CF6C91}.IOS_Device_Debug|x64.Build.0 = Debug|Any CPU
		{B6826E07-19C5-4610-9E8F-09B725CF6C91}.IOS_Device_Debug|x86.ActiveCfg = Debug|Any CPU
		{B6826E07-19C5-4610-9E8F-09B725CF6C91}.IOS_Device_Debug|x86.Build.0 = Debug|Any CPU
		{B6826E07-19C5-4610-9E8F-09B725CF6C91}.IOS_Simulator_Debug|Any CPU.ActiveCfg = Debug|Any CPU
		{B6826E07-19C5-4610-9E8F-09B725CF6C91}.IOS_Simulator_Debug|Any CPU.Build.0 = Debug|Any CPU
		{B6826E07-19C5-4610-9E8F-09B725CF6C91}.IOS_Simulator_Debug|iPhone.ActiveCfg = Debug|Any CPU
		{B6826E07-19C5-4610-9E8F-09B725CF6C91}.IOS_Simulator_Debug|iPhoneSimulator.ActiveCfg = Debug|Any CPU
		{B6826E07-19C5-4610-9E8F-09B725CF6C91}.IOS_Simulator_Debug|iPhoneSimulator.Build.0 = Debug|Any CPU
		{B6826E07-19C5-4610-9E8F-09B725CF6C91}.IOS_Simulator_Debug|x64.ActiveCfg = Debug|Any CPU
		{B6826E07-19C5-4610-9E8F-09B725CF6C91}.IOS_Simulator_Debug|x64.Build.0 = Debug|Any CPU
		{B6826E07-19C5-4610-9E8F-09B725CF6C91}.IOS_Simulator_Debug|x86.ActiveCfg = Debug|Any CPU
		{B6826E07-19C5-4610-9E8F-09B725CF6C91}.IOS_Simulator_Debug|x86.Build.0 = Debug|Any CPU
		{D787CEA4-2E81-40AB-A06D-60207BD15481}.Android_Simulator_Debug|Any CPU.ActiveCfg = Debug|Any CPU
		{D787CEA4-2E81-40AB-A06D-60207BD15481}.Android_Simulator_Debug|iPhone.ActiveCfg = Debug|Any CPU
		{D787CEA4-2E81-40AB-A06D-60207BD15481}.Android_Simulator_Debug|iPhone.Build.0 = Debug|Any CPU
		{D787CEA4-2E81-40AB-A06D-60207BD15481}.Android_Simulator_Debug|iPhoneSimulator.ActiveCfg = Debug|Any CPU
		{D787CEA4-2E81-40AB-A06D-60207BD15481}.Android_Simulator_Debug|iPhoneSimulator.Build.0 = Debug|Any CPU
		{D787CEA4-2E81-40AB-A06D-60207BD15481}.Android_Simulator_Debug|x64.ActiveCfg = Debug|Any CPU
		{D787CEA4-2E81-40AB-A06D-60207BD15481}.Android_Simulator_Debug|x64.Build.0 = Debug|Any CPU
		{D787CEA4-2E81-40AB-A06D-60207BD15481}.Android_Simulator_Debug|x86.ActiveCfg = Debug|Any CPU
		{D787CEA4-2E81-40AB-A06D-60207BD15481}.Android_Simulator_Debug|x86.Build.0 = Debug|Any CPU
		{D787CEA4-2E81-40AB-A06D-60207BD15481}.Desktop_Debug|Any CPU.ActiveCfg = Debug|Any CPU
		{D787CEA4-2E81-40AB-A06D-60207BD15481}.Desktop_Debug|iPhone.ActiveCfg = Debug|Any CPU
		{D787CEA4-2E81-40AB-A06D-60207BD15481}.Desktop_Debug|iPhone.Build.0 = Debug|Any CPU
		{D787CEA4-2E81-40AB-A06D-60207BD15481}.Desktop_Debug|iPhoneSimulator.ActiveCfg = Debug|Any CPU
		{D787CEA4-2E81-40AB-A06D-60207BD15481}.Desktop_Debug|iPhoneSimulator.Build.0 = Debug|Any CPU
		{D787CEA4-2E81-40AB-A06D-60207BD15481}.Desktop_Debug|x64.ActiveCfg = Debug|Any CPU
		{D787CEA4-2E81-40AB-A06D-60207BD15481}.Desktop_Debug|x86.ActiveCfg = Debug|Any CPU
		{D787CEA4-2E81-40AB-A06D-60207BD15481}.Desktop_Release|Any CPU.ActiveCfg = Release|Any CPU
		{D787CEA4-2E81-40AB-A06D-60207BD15481}.Desktop_Release|Any CPU.Build.0 = Release|Any CPU
		{D787CEA4-2E81-40AB-A06D-60207BD15481}.Desktop_Release|iPhone.ActiveCfg = Release|Any CPU
		{D787CEA4-2E81-40AB-A06D-60207BD15481}.Desktop_Release|iPhone.Build.0 = Release|Any CPU
		{D787CEA4-2E81-40AB-A06D-60207BD15481}.Desktop_Release|iPhoneSimulator.ActiveCfg = Release|Any CPU
		{D787CEA4-2E81-40AB-A06D-60207BD15481}.Desktop_Release|iPhoneSimulator.Build.0 = Release|Any CPU
		{D787CEA4-2E81-40AB-A06D-60207BD15481}.Desktop_Release|x64.ActiveCfg = Release|Any CPU
		{D787CEA4-2E81-40AB-A06D-60207BD15481}.Desktop_Release|x64.Build.0 = Release|Any CPU
		{D787CEA4-2E81-40AB-A06D-60207BD15481}.Desktop_Release|x86.ActiveCfg = Release|Any CPU
		{D787CEA4-2E81-40AB-A06D-60207BD15481}.Desktop_Release|x86.Build.0 = Release|Any CPU
		{D787CEA4-2E81-40AB-A06D-60207BD15481}.IOS_Device_Debug|Any CPU.ActiveCfg = Debug|Any CPU
		{D787CEA4-2E81-40AB-A06D-60207BD15481}.IOS_Device_Debug|Any CPU.Build.0 = Debug|Any CPU
		{D787CEA4-2E81-40AB-A06D-60207BD15481}.IOS_Device_Debug|iPhone.ActiveCfg = Debug|Any CPU
		{D787CEA4-2E81-40AB-A06D-60207BD15481}.IOS_Device_Debug|iPhone.Build.0 = Debug|Any CPU
		{D787CEA4-2E81-40AB-A06D-60207BD15481}.IOS_Device_Debug|iPhoneSimulator.ActiveCfg = Debug|Any CPU
		{D787CEA4-2E81-40AB-A06D-60207BD15481}.IOS_Device_Debug|iPhoneSimulator.Build.0 = Debug|Any CPU
		{D787CEA4-2E81-40AB-A06D-60207BD15481}.IOS_Device_Debug|x64.ActiveCfg = Debug|Any CPU
		{D787CEA4-2E81-40AB-A06D-60207BD15481}.IOS_Device_Debug|x64.Build.0 = Debug|Any CPU
		{D787CEA4-2E81-40AB-A06D-60207BD15481}.IOS_Device_Debug|x86.ActiveCfg = Debug|Any CPU
		{D787CEA4-2E81-40AB-A06D-60207BD15481}.IOS_Device_Debug|x86.Build.0 = Debug|Any CPU
		{D787CEA4-2E81-40AB-A06D-60207BD15481}.IOS_Simulator_Debug|Any CPU.ActiveCfg = Debug|Any CPU
		{D787CEA4-2E81-40AB-A06D-60207BD15481}.IOS_Simulator_Debug|Any CPU.Build.0 = Debug|Any CPU
		{D787CEA4-2E81-40AB-A06D-60207BD15481}.IOS_Simulator_Debug|iPhone.ActiveCfg = Debug|Any CPU
		{D787CEA4-2E81-40AB-A06D-60207BD15481}.IOS_Simulator_Debug|iPhoneSimulator.ActiveCfg = Debug|Any CPU
		{D787CEA4-2E81-40AB-A06D-60207BD15481}.IOS_Simulator_Debug|iPhoneSimulator.Build.0 = Debug|Any CPU
		{D787CEA4-2E81-40AB-A06D-60207BD15481}.IOS_Simulator_Debug|x64.ActiveCfg = Debug|Any CPU
		{D787CEA4-2E81-40AB-A06D-60207BD15481}.IOS_Simulator_Debug|x64.Build.0 = Debug|Any CPU
		{D787CEA4-2E81-40AB-A06D-60207BD15481}.IOS_Simulator_Debug|x86.ActiveCfg = Debug|Any CPU
		{D787CEA4-2E81-40AB-A06D-60207BD15481}.IOS_Simulator_Debug|x86.Build.0 = Debug|Any CPU
		{865D3170-E38F-4181-8F4C-C42FBEFE6A8A}.Android_Simulator_Debug|Any CPU.ActiveCfg = Debug|Any CPU
		{865D3170-E38F-4181-8F4C-C42FBEFE6A8A}.Android_Simulator_Debug|iPhone.ActiveCfg = Debug|Any CPU
		{865D3170-E38F-4181-8F4C-C42FBEFE6A8A}.Android_Simulator_Debug|iPhone.Build.0 = Debug|Any CPU
		{865D3170-E38F-4181-8F4C-C42FBEFE6A8A}.Android_Simulator_Debug|iPhoneSimulator.ActiveCfg = Debug|Any CPU
		{865D3170-E38F-4181-8F4C-C42FBEFE6A8A}.Android_Simulator_Debug|iPhoneSimulator.Build.0 = Debug|Any CPU
		{865D3170-E38F-4181-8F4C-C42FBEFE6A8A}.Android_Simulator_Debug|x64.ActiveCfg = Debug|Any CPU
		{865D3170-E38F-4181-8F4C-C42FBEFE6A8A}.Android_Simulator_Debug|x64.Build.0 = Debug|Any CPU
		{865D3170-E38F-4181-8F4C-C42FBEFE6A8A}.Android_Simulator_Debug|x86.ActiveCfg = Debug|Any CPU
		{865D3170-E38F-4181-8F4C-C42FBEFE6A8A}.Android_Simulator_Debug|x86.Build.0 = Debug|Any CPU
		{865D3170-E38F-4181-8F4C-C42FBEFE6A8A}.Desktop_Debug|Any CPU.ActiveCfg = Debug|Any CPU
		{865D3170-E38F-4181-8F4C-C42FBEFE6A8A}.Desktop_Debug|iPhone.ActiveCfg = Debug|Any CPU
		{865D3170-E38F-4181-8F4C-C42FBEFE6A8A}.Desktop_Debug|iPhone.Build.0 = Debug|Any CPU
		{865D3170-E38F-4181-8F4C-C42FBEFE6A8A}.Desktop_Debug|iPhoneSimulator.ActiveCfg = Debug|Any CPU
		{865D3170-E38F-4181-8F4C-C42FBEFE6A8A}.Desktop_Debug|iPhoneSimulator.Build.0 = Debug|Any CPU
		{865D3170-E38F-4181-8F4C-C42FBEFE6A8A}.Desktop_Debug|x64.ActiveCfg = Debug|Any CPU
		{865D3170-E38F-4181-8F4C-C42FBEFE6A8A}.Desktop_Debug|x86.ActiveCfg = Debug|Any CPU
		{865D3170-E38F-4181-8F4C-C42FBEFE6A8A}.Desktop_Release|Any CPU.ActiveCfg = Release|Any CPU
		{865D3170-E38F-4181-8F4C-C42FBEFE6A8A}.Desktop_Release|Any CPU.Build.0 = Release|Any CPU
		{865D3170-E38F-4181-8F4C-C42FBEFE6A8A}.Desktop_Release|iPhone.ActiveCfg = Release|Any CPU
		{865D3170-E38F-4181-8F4C-C42FBEFE6A8A}.Desktop_Release|iPhone.Build.0 = Release|Any CPU
		{865D3170-E38F-4181-8F4C-C42FBEFE6A8A}.Desktop_Release|iPhoneSimulator.ActiveCfg = Release|Any CPU
		{865D3170-E38F-4181-8F4C-C42FBEFE6A8A}.Desktop_Release|iPhoneSimulator.Build.0 = Release|Any CPU
		{865D3170-E38F-4181-8F4C-C42FBEFE6A8A}.Desktop_Release|x64.ActiveCfg = Release|Any CPU
		{865D3170-E38F-4181-8F4C-C42FBEFE6A8A}.Desktop_Release|x64.Build.0 = Release|Any CPU
		{865D3170-E38F-4181-8F4C-C42FBEFE6A8A}.Desktop_Release|x86.ActiveCfg = Release|Any CPU
		{865D3170-E38F-4181-8F4C-C42FBEFE6A8A}.Desktop_Release|x86.Build.0 = Release|Any CPU
		{865D3170-E38F-4181-8F4C-C42FBEFE6A8A}.IOS_Device_Debug|Any CPU.ActiveCfg = Debug|Any CPU
		{865D3170-E38F-4181-8F4C-C42FBEFE6A8A}.IOS_Device_Debug|Any CPU.Build.0 = Debug|Any CPU
		{865D3170-E38F-4181-8F4C-C42FBEFE6A8A}.IOS_Device_Debug|iPhone.ActiveCfg = Debug|Any CPU
		{865D3170-E38F-4181-8F4C-C42FBEFE6A8A}.IOS_Device_Debug|iPhone.Build.0 = Debug|Any CPU
		{865D3170-E38F-4181-8F4C-C42FBEFE6A8A}.IOS_Device_Debug|iPhoneSimulator.ActiveCfg = Debug|Any CPU
		{865D3170-E38F-4181-8F4C-C42FBEFE6A8A}.IOS_Device_Debug|iPhoneSimulator.Build.0 = Debug|Any CPU
		{865D3170-E38F-4181-8F4C-C42FBEFE6A8A}.IOS_Device_Debug|x64.ActiveCfg = Debug|Any CPU
		{865D3170-E38F-4181-8F4C-C42FBEFE6A8A}.IOS_Device_Debug|x64.Build.0 = Debug|Any CPU
		{865D3170-E38F-4181-8F4C-C42FBEFE6A8A}.IOS_Device_Debug|x86.ActiveCfg = Debug|Any CPU
		{865D3170-E38F-4181-8F4C-C42FBEFE6A8A}.IOS_Device_Debug|x86.Build.0 = Debug|Any CPU
		{865D3170-E38F-4181-8F4C-C42FBEFE6A8A}.IOS_Simulator_Debug|Any CPU.ActiveCfg = Debug|Any CPU
		{865D3170-E38F-4181-8F4C-C42FBEFE6A8A}.IOS_Simulator_Debug|Any CPU.Build.0 = Debug|Any CPU
		{865D3170-E38F-4181-8F4C-C42FBEFE6A8A}.IOS_Simulator_Debug|iPhone.ActiveCfg = Debug|Any CPU
		{865D3170-E38F-4181-8F4C-C42FBEFE6A8A}.IOS_Simulator_Debug|iPhoneSimulator.ActiveCfg = Debug|Any CPU
		{865D3170-E38F-4181-8F4C-C42FBEFE6A8A}.IOS_Simulator_Debug|iPhoneSimulator.Build.0 = Debug|Any CPU
		{865D3170-E38F-4181-8F4C-C42FBEFE6A8A}.IOS_Simulator_Debug|x64.ActiveCfg = Debug|Any CPU
		{865D3170-E38F-4181-8F4C-C42FBEFE6A8A}.IOS_Simulator_Debug|x64.Build.0 = Debug|Any CPU
		{865D3170-E38F-4181-8F4C-C42FBEFE6A8A}.IOS_Simulator_Debug|x86.ActiveCfg = Debug|Any CPU
		{865D3170-E38F-4181-8F4C-C42FBEFE6A8A}.IOS_Simulator_Debug|x86.Build.0 = Debug|Any CPU
		{611E36E1-2CDB-4600-91D3-C8445887E9E4}.Android_Simulator_Debug|Any CPU.ActiveCfg = Debug|Any CPU
		{611E36E1-2CDB-4600-91D3-C8445887E9E4}.Android_Simulator_Debug|iPhone.ActiveCfg = Debug|Any CPU
		{611E36E1-2CDB-4600-91D3-C8445887E9E4}.Android_Simulator_Debug|iPhone.Build.0 = Debug|Any CPU
		{611E36E1-2CDB-4600-91D3-C8445887E9E4}.Android_Simulator_Debug|iPhoneSimulator.ActiveCfg = Debug|Any CPU
		{611E36E1-2CDB-4600-91D3-C8445887E9E4}.Android_Simulator_Debug|iPhoneSimulator.Build.0 = Debug|Any CPU
		{611E36E1-2CDB-4600-91D3-C8445887E9E4}.Android_Simulator_Debug|x64.ActiveCfg = Debug|Any CPU
		{611E36E1-2CDB-4600-91D3-C8445887E9E4}.Android_Simulator_Debug|x64.Build.0 = Debug|Any CPU
		{611E36E1-2CDB-4600-91D3-C8445887E9E4}.Android_Simulator_Debug|x86.ActiveCfg = Debug|Any CPU
		{611E36E1-2CDB-4600-91D3-C8445887E9E4}.Android_Simulator_Debug|x86.Build.0 = Debug|Any CPU
		{611E36E1-2CDB-4600-91D3-C8445887E9E4}.Desktop_Debug|Any CPU.ActiveCfg = Debug|Any CPU
		{611E36E1-2CDB-4600-91D3-C8445887E9E4}.Desktop_Debug|iPhone.ActiveCfg = Debug|Any CPU
		{611E36E1-2CDB-4600-91D3-C8445887E9E4}.Desktop_Debug|iPhone.Build.0 = Debug|Any CPU
		{611E36E1-2CDB-4600-91D3-C8445887E9E4}.Desktop_Debug|iPhoneSimulator.ActiveCfg = Debug|Any CPU
		{611E36E1-2CDB-4600-91D3-C8445887E9E4}.Desktop_Debug|iPhoneSimulator.Build.0 = Debug|Any CPU
		{611E36E1-2CDB-4600-91D3-C8445887E9E4}.Desktop_Debug|x64.ActiveCfg = Debug|Any CPU
		{611E36E1-2CDB-4600-91D3-C8445887E9E4}.Desktop_Debug|x86.ActiveCfg = Debug|Any CPU
		{611E36E1-2CDB-4600-91D3-C8445887E9E4}.Desktop_Release|Any CPU.ActiveCfg = Release|Any CPU
		{611E36E1-2CDB-4600-91D3-C8445887E9E4}.Desktop_Release|Any CPU.Build.0 = Release|Any CPU
		{611E36E1-2CDB-4600-91D3-C8445887E9E4}.Desktop_Release|iPhone.ActiveCfg = Release|Any CPU
		{611E36E1-2CDB-4600-91D3-C8445887E9E4}.Desktop_Release|iPhone.Build.0 = Release|Any CPU
		{611E36E1-2CDB-4600-91D3-C8445887E9E4}.Desktop_Release|iPhoneSimulator.ActiveCfg = Release|Any CPU
		{611E36E1-2CDB-4600-91D3-C8445887E9E4}.Desktop_Release|iPhoneSimulator.Build.0 = Release|Any CPU
		{611E36E1-2CDB-4600-91D3-C8445887E9E4}.Desktop_Release|x64.ActiveCfg = Release|Any CPU
		{611E36E1-2CDB-4600-91D3-C8445887E9E4}.Desktop_Release|x64.Build.0 = Release|Any CPU
		{611E36E1-2CDB-4600-91D3-C8445887E9E4}.Desktop_Release|x86.ActiveCfg = Release|Any CPU
		{611E36E1-2CDB-4600-91D3-C8445887E9E4}.Desktop_Release|x86.Build.0 = Release|Any CPU
		{611E36E1-2CDB-4600-91D3-C8445887E9E4}.IOS_Device_Debug|Any CPU.ActiveCfg = Debug|Any CPU
		{611E36E1-2CDB-4600-91D3-C8445887E9E4}.IOS_Device_Debug|Any CPU.Build.0 = Debug|Any CPU
		{611E36E1-2CDB-4600-91D3-C8445887E9E4}.IOS_Device_Debug|iPhone.ActiveCfg = Debug|Any CPU
		{611E36E1-2CDB-4600-91D3-C8445887E9E4}.IOS_Device_Debug|iPhone.Build.0 = Debug|Any CPU
		{611E36E1-2CDB-4600-91D3-C8445887E9E4}.IOS_Device_Debug|iPhoneSimulator.ActiveCfg = Debug|Any CPU
		{611E36E1-2CDB-4600-91D3-C8445887E9E4}.IOS_Device_Debug|iPhoneSimulator.Build.0 = Debug|Any CPU
		{611E36E1-2CDB-4600-91D3-C8445887E9E4}.IOS_Device_Debug|x64.ActiveCfg = Debug|Any CPU
		{611E36E1-2CDB-4600-91D3-C8445887E9E4}.IOS_Device_Debug|x64.Build.0 = Debug|Any CPU
		{611E36E1-2CDB-4600-91D3-C8445887E9E4}.IOS_Device_Debug|x86.ActiveCfg = Debug|Any CPU
		{611E36E1-2CDB-4600-91D3-C8445887E9E4}.IOS_Device_Debug|x86.Build.0 = Debug|Any CPU
		{611E36E1-2CDB-4600-91D3-C8445887E9E4}.IOS_Simulator_Debug|Any CPU.ActiveCfg = Debug|Any CPU
		{611E36E1-2CDB-4600-91D3-C8445887E9E4}.IOS_Simulator_Debug|Any CPU.Build.0 = Debug|Any CPU
		{611E36E1-2CDB-4600-91D3-C8445887E9E4}.IOS_Simulator_Debug|iPhone.ActiveCfg = Debug|Any CPU
		{611E36E1-2CDB-4600-91D3-C8445887E9E4}.IOS_Simulator_Debug|iPhoneSimulator.ActiveCfg = Debug|Any CPU
		{611E36E1-2CDB-4600-91D3-C8445887E9E4}.IOS_Simulator_Debug|iPhoneSimulator.Build.0 = Debug|Any CPU
		{611E36E1-2CDB-4600-91D3-C8445887E9E4}.IOS_Simulator_Debug|x64.ActiveCfg = Debug|Any CPU
		{611E36E1-2CDB-4600-91D3-C8445887E9E4}.IOS_Simulator_Debug|x64.Build.0 = Debug|Any CPU
		{611E36E1-2CDB-4600-91D3-C8445887E9E4}.IOS_Simulator_Debug|x86.ActiveCfg = Debug|Any CPU
		{611E36E1-2CDB-4600-91D3-C8445887E9E4}.IOS_Simulator_Debug|x86.Build.0 = Debug|Any CPU
		{4EF83A29-FB19-4FB7-AE76-E7243597A386}.Android_Simulator_Debug|Any CPU.ActiveCfg = Debug|Any CPU
		{4EF83A29-FB19-4FB7-AE76-E7243597A386}.Android_Simulator_Debug|iPhone.ActiveCfg = Debug|Any CPU
		{4EF83A29-FB19-4FB7-AE76-E7243597A386}.Android_Simulator_Debug|iPhone.Build.0 = Debug|Any CPU
		{4EF83A29-FB19-4FB7-AE76-E7243597A386}.Android_Simulator_Debug|iPhoneSimulator.ActiveCfg = Debug|Any CPU
		{4EF83A29-FB19-4FB7-AE76-E7243597A386}.Android_Simulator_Debug|iPhoneSimulator.Build.0 = Debug|Any CPU
		{4EF83A29-FB19-4FB7-AE76-E7243597A386}.Android_Simulator_Debug|x64.ActiveCfg = Debug|Any CPU
		{4EF83A29-FB19-4FB7-AE76-E7243597A386}.Android_Simulator_Debug|x64.Build.0 = Debug|Any CPU
		{4EF83A29-FB19-4FB7-AE76-E7243597A386}.Android_Simulator_Debug|x86.ActiveCfg = Debug|Any CPU
		{4EF83A29-FB19-4FB7-AE76-E7243597A386}.Android_Simulator_Debug|x86.Build.0 = Debug|Any CPU
		{4EF83A29-FB19-4FB7-AE76-E7243597A386}.Desktop_Debug|Any CPU.ActiveCfg = Debug|Any CPU
		{4EF83A29-FB19-4FB7-AE76-E7243597A386}.Desktop_Debug|iPhone.ActiveCfg = Debug|Any CPU
		{4EF83A29-FB19-4FB7-AE76-E7243597A386}.Desktop_Debug|iPhone.Build.0 = Debug|Any CPU
		{4EF83A29-FB19-4FB7-AE76-E7243597A386}.Desktop_Debug|iPhoneSimulator.ActiveCfg = Debug|Any CPU
		{4EF83A29-FB19-4FB7-AE76-E7243597A386}.Desktop_Debug|iPhoneSimulator.Build.0 = Debug|Any CPU
		{4EF83A29-FB19-4FB7-AE76-E7243597A386}.Desktop_Debug|x64.ActiveCfg = Debug|Any CPU
		{4EF83A29-FB19-4FB7-AE76-E7243597A386}.Desktop_Debug|x86.ActiveCfg = Debug|Any CPU
		{4EF83A29-FB19-4FB7-AE76-E7243597A386}.Desktop_Release|Any CPU.ActiveCfg = Release|Any CPU
		{4EF83A29-FB19-4FB7-AE76-E7243597A386}.Desktop_Release|Any CPU.Build.0 = Release|Any CPU
		{4EF83A29-FB19-4FB7-AE76-E7243597A386}.Desktop_Release|iPhone.ActiveCfg = Release|Any CPU
		{4EF83A29-FB19-4FB7-AE76-E7243597A386}.Desktop_Release|iPhone.Build.0 = Release|Any CPU
		{4EF83A29-FB19-4FB7-AE76-E7243597A386}.Desktop_Release|iPhoneSimulator.ActiveCfg = Release|Any CPU
		{4EF83A29-FB19-4FB7-AE76-E7243597A386}.Desktop_Release|iPhoneSimulator.Build.0 = Release|Any CPU
		{4EF83A29-FB19-4FB7-AE76-E7243597A386}.Desktop_Release|x64.ActiveCfg = Release|Any CPU
		{4EF83A29-FB19-4FB7-AE76-E7243597A386}.Desktop_Release|x64.Build.0 = Release|Any CPU
		{4EF83A29-FB19-4FB7-AE76-E7243597A386}.Desktop_Release|x86.ActiveCfg = Release|Any CPU
		{4EF83A29-FB19-4FB7-AE76-E7243597A386}.Desktop_Release|x86.Build.0 = Release|Any CPU
		{4EF83A29-FB19-4FB7-AE76-E7243597A386}.IOS_Device_Debug|Any CPU.ActiveCfg = Debug|Any CPU
		{4EF83A29-FB19-4FB7-AE76-E7243597A386}.IOS_Device_Debug|Any CPU.Build.0 = Debug|Any CPU
		{4EF83A29-FB19-4FB7-AE76-E7243597A386}.IOS_Device_Debug|iPhone.ActiveCfg = Debug|Any CPU
		{4EF83A29-FB19-4FB7-AE76-E7243597A386}.IOS_Device_Debug|iPhone.Build.0 = Debug|Any CPU
		{4EF83A29-FB19-4FB7-AE76-E7243597A386}.IOS_Device_Debug|iPhoneSimulator.ActiveCfg = Debug|Any CPU
		{4EF83A29-FB19-4FB7-AE76-E7243597A386}.IOS_Device_Debug|iPhoneSimulator.Build.0 = Debug|Any CPU
		{4EF83A29-FB19-4FB7-AE76-E7243597A386}.IOS_Device_Debug|x64.ActiveCfg = Debug|Any CPU
		{4EF83A29-FB19-4FB7-AE76-E7243597A386}.IOS_Device_Debug|x64.Build.0 = Debug|Any CPU
		{4EF83A29-FB19-4FB7-AE76-E7243597A386}.IOS_Device_Debug|x86.ActiveCfg = Debug|Any CPU
		{4EF83A29-FB19-4FB7-AE76-E7243597A386}.IOS_Device_Debug|x86.Build.0 = Debug|Any CPU
		{4EF83A29-FB19-4FB7-AE76-E7243597A386}.IOS_Simulator_Debug|Any CPU.ActiveCfg = Debug|Any CPU
		{4EF83A29-FB19-4FB7-AE76-E7243597A386}.IOS_Simulator_Debug|Any CPU.Build.0 = Debug|Any CPU
		{4EF83A29-FB19-4FB7-AE76-E7243597A386}.IOS_Simulator_Debug|iPhone.ActiveCfg = Debug|Any CPU
		{4EF83A29-FB19-4FB7-AE76-E7243597A386}.IOS_Simulator_Debug|iPhoneSimulator.ActiveCfg = Debug|Any CPU
		{4EF83A29-FB19-4FB7-AE76-E7243597A386}.IOS_Simulator_Debug|iPhoneSimulator.Build.0 = Debug|Any CPU
		{4EF83A29-FB19-4FB7-AE76-E7243597A386}.IOS_Simulator_Debug|x64.ActiveCfg = Debug|Any CPU
		{4EF83A29-FB19-4FB7-AE76-E7243597A386}.IOS_Simulator_Debug|x64.Build.0 = Debug|Any CPU
		{4EF83A29-FB19-4FB7-AE76-E7243597A386}.IOS_Simulator_Debug|x86.ActiveCfg = Debug|Any CPU
		{4EF83A29-FB19-4FB7-AE76-E7243597A386}.IOS_Simulator_Debug|x86.Build.0 = Debug|Any CPU
		{7D60F142-79FD-4190-8B2D-CD516F4AFF30}.Android_Simulator_Debug|Any CPU.ActiveCfg = Debug|Any CPU
		{7D60F142-79FD-4190-8B2D-CD516F4AFF30}.Android_Simulator_Debug|iPhone.ActiveCfg = Debug|Any CPU
		{7D60F142-79FD-4190-8B2D-CD516F4AFF30}.Android_Simulator_Debug|iPhone.Build.0 = Debug|Any CPU
		{7D60F142-79FD-4190-8B2D-CD516F4AFF30}.Android_Simulator_Debug|iPhoneSimulator.ActiveCfg = Debug|Any CPU
		{7D60F142-79FD-4190-8B2D-CD516F4AFF30}.Android_Simulator_Debug|iPhoneSimulator.Build.0 = Debug|Any CPU
		{7D60F142-79FD-4190-8B2D-CD516F4AFF30}.Android_Simulator_Debug|x64.ActiveCfg = Debug|Any CPU
		{7D60F142-79FD-4190-8B2D-CD516F4AFF30}.Android_Simulator_Debug|x64.Build.0 = Debug|Any CPU
		{7D60F142-79FD-4190-8B2D-CD516F4AFF30}.Android_Simulator_Debug|x86.ActiveCfg = Debug|Any CPU
		{7D60F142-79FD-4190-8B2D-CD516F4AFF30}.Android_Simulator_Debug|x86.Build.0 = Debug|Any CPU
		{7D60F142-79FD-4190-8B2D-CD516F4AFF30}.Desktop_Debug|Any CPU.ActiveCfg = Debug|Any CPU
		{7D60F142-79FD-4190-8B2D-CD516F4AFF30}.Desktop_Debug|iPhone.ActiveCfg = Debug|Any CPU
		{7D60F142-79FD-4190-8B2D-CD516F4AFF30}.Desktop_Debug|iPhone.Build.0 = Debug|Any CPU
		{7D60F142-79FD-4190-8B2D-CD516F4AFF30}.Desktop_Debug|iPhoneSimulator.ActiveCfg = Debug|Any CPU
		{7D60F142-79FD-4190-8B2D-CD516F4AFF30}.Desktop_Debug|iPhoneSimulator.Build.0 = Debug|Any CPU
		{7D60F142-79FD-4190-8B2D-CD516F4AFF30}.Desktop_Debug|x64.ActiveCfg = Debug|Any CPU
		{7D60F142-79FD-4190-8B2D-CD516F4AFF30}.Desktop_Debug|x86.ActiveCfg = Debug|Any CPU
		{7D60F142-79FD-4190-8B2D-CD516F4AFF30}.Desktop_Release|Any CPU.ActiveCfg = Release|Any CPU
		{7D60F142-79FD-4190-8B2D-CD516F4AFF30}.Desktop_Release|Any CPU.Build.0 = Release|Any CPU
		{7D60F142-79FD-4190-8B2D-CD516F4AFF30}.Desktop_Release|iPhone.ActiveCfg = Release|Any CPU
		{7D60F142-79FD-4190-8B2D-CD516F4AFF30}.Desktop_Release|iPhone.Build.0 = Release|Any CPU
		{7D60F142-79FD-4190-8B2D-CD516F4AFF30}.Desktop_Release|iPhoneSimulator.ActiveCfg = Release|Any CPU
		{7D60F142-79FD-4190-8B2D-CD516F4AFF30}.Desktop_Release|iPhoneSimulator.Build.0 = Release|Any CPU
		{7D60F142-79FD-4190-8B2D-CD516F4AFF30}.Desktop_Release|x64.ActiveCfg = Release|Any CPU
		{7D60F142-79FD-4190-8B2D-CD516F4AFF30}.Desktop_Release|x64.Build.0 = Release|Any CPU
		{7D60F142-79FD-4190-8B2D-CD516F4AFF30}.Desktop_Release|x86.ActiveCfg = Release|Any CPU
		{7D60F142-79FD-4190-8B2D-CD516F4AFF30}.Desktop_Release|x86.Build.0 = Release|Any CPU
		{7D60F142-79FD-4190-8B2D-CD516F4AFF30}.IOS_Device_Debug|Any CPU.ActiveCfg = Debug|Any CPU
		{7D60F142-79FD-4190-8B2D-CD516F4AFF30}.IOS_Device_Debug|Any CPU.Build.0 = Debug|Any CPU
		{7D60F142-79FD-4190-8B2D-CD516F4AFF30}.IOS_Device_Debug|iPhone.ActiveCfg = Debug|Any CPU
		{7D60F142-79FD-4190-8B2D-CD516F4AFF30}.IOS_Device_Debug|iPhone.Build.0 = Debug|Any CPU
		{7D60F142-79FD-4190-8B2D-CD516F4AFF30}.IOS_Device_Debug|iPhoneSimulator.ActiveCfg = Debug|Any CPU
		{7D60F142-79FD-4190-8B2D-CD516F4AFF30}.IOS_Device_Debug|iPhoneSimulator.Build.0 = Debug|Any CPU
		{7D60F142-79FD-4190-8B2D-CD516F4AFF30}.IOS_Device_Debug|x64.ActiveCfg = Debug|Any CPU
		{7D60F142-79FD-4190-8B2D-CD516F4AFF30}.IOS_Device_Debug|x64.Build.0 = Debug|Any CPU
		{7D60F142-79FD-4190-8B2D-CD516F4AFF30}.IOS_Device_Debug|x86.ActiveCfg = Debug|Any CPU
		{7D60F142-79FD-4190-8B2D-CD516F4AFF30}.IOS_Device_Debug|x86.Build.0 = Debug|Any CPU
		{7D60F142-79FD-4190-8B2D-CD516F4AFF30}.IOS_Simulator_Debug|Any CPU.ActiveCfg = Debug|Any CPU
		{7D60F142-79FD-4190-8B2D-CD516F4AFF30}.IOS_Simulator_Debug|Any CPU.Build.0 = Debug|Any CPU
		{7D60F142-79FD-4190-8B2D-CD516F4AFF30}.IOS_Simulator_Debug|iPhone.ActiveCfg = Debug|Any CPU
		{7D60F142-79FD-4190-8B2D-CD516F4AFF30}.IOS_Simulator_Debug|iPhoneSimulator.ActiveCfg = Debug|Any CPU
		{7D60F142-79FD-4190-8B2D-CD516F4AFF30}.IOS_Simulator_Debug|iPhoneSimulator.Build.0 = Debug|Any CPU
		{7D60F142-79FD-4190-8B2D-CD516F4AFF30}.IOS_Simulator_Debug|x64.ActiveCfg = Debug|Any CPU
		{7D60F142-79FD-4190-8B2D-CD516F4AFF30}.IOS_Simulator_Debug|x64.Build.0 = Debug|Any CPU
		{7D60F142-79FD-4190-8B2D-CD516F4AFF30}.IOS_Simulator_Debug|x86.ActiveCfg = Debug|Any CPU
		{7D60F142-79FD-4190-8B2D-CD516F4AFF30}.IOS_Simulator_Debug|x86.Build.0 = Debug|Any CPU
		{C35D18A0-F42A-4622-A692-8D8A69A414C6}.Android_Simulator_Debug|Any CPU.ActiveCfg = Android_Simulator_Debug|Any CPU
		{C35D18A0-F42A-4622-A692-8D8A69A414C6}.Android_Simulator_Debug|Any CPU.Build.0 = Android_Simulator_Debug|Any CPU
		{C35D18A0-F42A-4622-A692-8D8A69A414C6}.Android_Simulator_Debug|iPhone.ActiveCfg = Android_Simulator_Debug|Any CPU
		{C35D18A0-F42A-4622-A692-8D8A69A414C6}.Android_Simulator_Debug|iPhone.Build.0 = Android_Simulator_Debug|Any CPU
		{C35D18A0-F42A-4622-A692-8D8A69A414C6}.Android_Simulator_Debug|iPhoneSimulator.ActiveCfg = Android_Simulator_Debug|Any CPU
		{C35D18A0-F42A-4622-A692-8D8A69A414C6}.Android_Simulator_Debug|iPhoneSimulator.Build.0 = Android_Simulator_Debug|Any CPU
		{C35D18A0-F42A-4622-A692-8D8A69A414C6}.Android_Simulator_Debug|x64.ActiveCfg = Android_Simulator_Debug|Any CPU
		{C35D18A0-F42A-4622-A692-8D8A69A414C6}.Android_Simulator_Debug|x64.Build.0 = Android_Simulator_Debug|Any CPU
		{C35D18A0-F42A-4622-A692-8D8A69A414C6}.Android_Simulator_Debug|x86.ActiveCfg = Android_Simulator_Debug|Any CPU
		{C35D18A0-F42A-4622-A692-8D8A69A414C6}.Android_Simulator_Debug|x86.Build.0 = Android_Simulator_Debug|Any CPU
		{C35D18A0-F42A-4622-A692-8D8A69A414C6}.Desktop_Debug|Any CPU.ActiveCfg = Debug|Any CPU
		{C35D18A0-F42A-4622-A692-8D8A69A414C6}.Desktop_Debug|iPhone.ActiveCfg = Debug|Any CPU
		{C35D18A0-F42A-4622-A692-8D8A69A414C6}.Desktop_Debug|iPhone.Build.0 = Debug|Any CPU
		{C35D18A0-F42A-4622-A692-8D8A69A414C6}.Desktop_Debug|iPhoneSimulator.ActiveCfg = Debug|Any CPU
		{C35D18A0-F42A-4622-A692-8D8A69A414C6}.Desktop_Debug|iPhoneSimulator.Build.0 = Debug|Any CPU
		{C35D18A0-F42A-4622-A692-8D8A69A414C6}.Desktop_Debug|x64.ActiveCfg = Debug|Any CPU
		{C35D18A0-F42A-4622-A692-8D8A69A414C6}.Desktop_Debug|x86.ActiveCfg = Debug|Any CPU
		{C35D18A0-F42A-4622-A692-8D8A69A414C6}.Desktop_Release|Any CPU.ActiveCfg = Release|Any CPU
		{C35D18A0-F42A-4622-A692-8D8A69A414C6}.Desktop_Release|Any CPU.Build.0 = Release|Any CPU
		{C35D18A0-F42A-4622-A692-8D8A69A414C6}.Desktop_Release|iPhone.ActiveCfg = Release|Any CPU
		{C35D18A0-F42A-4622-A692-8D8A69A414C6}.Desktop_Release|iPhone.Build.0 = Release|Any CPU
		{C35D18A0-F42A-4622-A692-8D8A69A414C6}.Desktop_Release|iPhoneSimulator.ActiveCfg = Release|Any CPU
		{C35D18A0-F42A-4622-A692-8D8A69A414C6}.Desktop_Release|iPhoneSimulator.Build.0 = Release|Any CPU
		{C35D18A0-F42A-4622-A692-8D8A69A414C6}.Desktop_Release|x64.ActiveCfg = Release|Any CPU
		{C35D18A0-F42A-4622-A692-8D8A69A414C6}.Desktop_Release|x64.Build.0 = Release|Any CPU
		{C35D18A0-F42A-4622-A692-8D8A69A414C6}.Desktop_Release|x86.ActiveCfg = Release|Any CPU
		{C35D18A0-F42A-4622-A692-8D8A69A414C6}.Desktop_Release|x86.Build.0 = Release|Any CPU
		{C35D18A0-F42A-4622-A692-8D8A69A414C6}.IOS_Device_Debug|Any CPU.ActiveCfg = IOS_Device_Debug|Any CPU
		{C35D18A0-F42A-4622-A692-8D8A69A414C6}.IOS_Device_Debug|Any CPU.Build.0 = IOS_Device_Debug|Any CPU
		{C35D18A0-F42A-4622-A692-8D8A69A414C6}.IOS_Device_Debug|iPhone.ActiveCfg = IOS_Device_Debug|Any CPU
		{C35D18A0-F42A-4622-A692-8D8A69A414C6}.IOS_Device_Debug|iPhone.Build.0 = IOS_Device_Debug|Any CPU
		{C35D18A0-F42A-4622-A692-8D8A69A414C6}.IOS_Device_Debug|iPhoneSimulator.ActiveCfg = IOS_Device_Debug|Any CPU
		{C35D18A0-F42A-4622-A692-8D8A69A414C6}.IOS_Device_Debug|iPhoneSimulator.Build.0 = IOS_Device_Debug|Any CPU
		{C35D18A0-F42A-4622-A692-8D8A69A414C6}.IOS_Device_Debug|x64.ActiveCfg = IOS_Device_Debug|Any CPU
		{C35D18A0-F42A-4622-A692-8D8A69A414C6}.IOS_Device_Debug|x64.Build.0 = IOS_Device_Debug|Any CPU
		{C35D18A0-F42A-4622-A692-8D8A69A414C6}.IOS_Device_Debug|x86.ActiveCfg = IOS_Device_Debug|Any CPU
		{C35D18A0-F42A-4622-A692-8D8A69A414C6}.IOS_Device_Debug|x86.Build.0 = IOS_Device_Debug|Any CPU
		{C35D18A0-F42A-4622-A692-8D8A69A414C6}.IOS_Simulator_Debug|Any CPU.ActiveCfg = IOS_Simulator_Debug|Any CPU
		{C35D18A0-F42A-4622-A692-8D8A69A414C6}.IOS_Simulator_Debug|Any CPU.Build.0 = IOS_Simulator_Debug|Any CPU
		{C35D18A0-F42A-4622-A692-8D8A69A414C6}.IOS_Simulator_Debug|iPhone.ActiveCfg = IOS_Simulator_Debug|Any CPU
		{C35D18A0-F42A-4622-A692-8D8A69A414C6}.IOS_Simulator_Debug|iPhone.Build.0 = IOS_Simulator_Debug|Any CPU
		{C35D18A0-F42A-4622-A692-8D8A69A414C6}.IOS_Simulator_Debug|iPhoneSimulator.ActiveCfg = IOS_Simulator_Debug|Any CPU
		{C35D18A0-F42A-4622-A692-8D8A69A414C6}.IOS_Simulator_Debug|iPhoneSimulator.Build.0 = IOS_Simulator_Debug|Any CPU
		{C35D18A0-F42A-4622-A692-8D8A69A414C6}.IOS_Simulator_Debug|x64.ActiveCfg = IOS_Simulator_Debug|Any CPU
		{C35D18A0-F42A-4622-A692-8D8A69A414C6}.IOS_Simulator_Debug|x64.Build.0 = IOS_Simulator_Debug|Any CPU
		{C35D18A0-F42A-4622-A692-8D8A69A414C6}.IOS_Simulator_Debug|x86.ActiveCfg = IOS_Simulator_Debug|Any CPU
		{C35D18A0-F42A-4622-A692-8D8A69A414C6}.IOS_Simulator_Debug|x86.Build.0 = IOS_Simulator_Debug|Any CPU
		{CACD3CA9-35C0-402C-9D96-10C75369A1EA}.Android_Simulator_Debug|Any CPU.ActiveCfg = Android_Simulator_Debug|Any CPU
		{CACD3CA9-35C0-402C-9D96-10C75369A1EA}.Android_Simulator_Debug|Any CPU.Build.0 = Android_Simulator_Debug|Any CPU
		{CACD3CA9-35C0-402C-9D96-10C75369A1EA}.Android_Simulator_Debug|Any CPU.Deploy.0 = Android_Simulator_Debug|Any CPU
		{CACD3CA9-35C0-402C-9D96-10C75369A1EA}.Android_Simulator_Debug|iPhone.ActiveCfg = Android_Simulator_Debug|Any CPU
		{CACD3CA9-35C0-402C-9D96-10C75369A1EA}.Android_Simulator_Debug|iPhone.Build.0 = Android_Simulator_Debug|Any CPU
		{CACD3CA9-35C0-402C-9D96-10C75369A1EA}.Android_Simulator_Debug|iPhone.Deploy.0 = Android_Simulator_Debug|Any CPU
		{CACD3CA9-35C0-402C-9D96-10C75369A1EA}.Android_Simulator_Debug|iPhoneSimulator.ActiveCfg = Android_Simulator_Debug|Any CPU
		{CACD3CA9-35C0-402C-9D96-10C75369A1EA}.Android_Simulator_Debug|iPhoneSimulator.Build.0 = Android_Simulator_Debug|Any CPU
		{CACD3CA9-35C0-402C-9D96-10C75369A1EA}.Android_Simulator_Debug|iPhoneSimulator.Deploy.0 = Android_Simulator_Debug|Any CPU
		{CACD3CA9-35C0-402C-9D96-10C75369A1EA}.Android_Simulator_Debug|x64.ActiveCfg = Android_Simulator_Debug|Any CPU
		{CACD3CA9-35C0-402C-9D96-10C75369A1EA}.Android_Simulator_Debug|x64.Build.0 = Android_Simulator_Debug|Any CPU
		{CACD3CA9-35C0-402C-9D96-10C75369A1EA}.Android_Simulator_Debug|x64.Deploy.0 = Android_Simulator_Debug|Any CPU
		{CACD3CA9-35C0-402C-9D96-10C75369A1EA}.Android_Simulator_Debug|x86.ActiveCfg = Android_Simulator_Debug|Any CPU
		{CACD3CA9-35C0-402C-9D96-10C75369A1EA}.Android_Simulator_Debug|x86.Build.0 = Android_Simulator_Debug|Any CPU
		{CACD3CA9-35C0-402C-9D96-10C75369A1EA}.Android_Simulator_Debug|x86.Deploy.0 = Android_Simulator_Debug|Any CPU
		{CACD3CA9-35C0-402C-9D96-10C75369A1EA}.Desktop_Debug|Any CPU.ActiveCfg = Debug|Any CPU
		{CACD3CA9-35C0-402C-9D96-10C75369A1EA}.Desktop_Debug|iPhone.ActiveCfg = Debug|Any CPU
		{CACD3CA9-35C0-402C-9D96-10C75369A1EA}.Desktop_Debug|iPhone.Build.0 = Debug|Any CPU
		{CACD3CA9-35C0-402C-9D96-10C75369A1EA}.Desktop_Debug|iPhone.Deploy.0 = Debug|Any CPU
		{CACD3CA9-35C0-402C-9D96-10C75369A1EA}.Desktop_Debug|iPhoneSimulator.ActiveCfg = Debug|Any CPU
		{CACD3CA9-35C0-402C-9D96-10C75369A1EA}.Desktop_Debug|iPhoneSimulator.Build.0 = Debug|Any CPU
		{CACD3CA9-35C0-402C-9D96-10C75369A1EA}.Desktop_Debug|iPhoneSimulator.Deploy.0 = Debug|Any CPU
		{CACD3CA9-35C0-402C-9D96-10C75369A1EA}.Desktop_Debug|x64.ActiveCfg = Debug|Any CPU
		{CACD3CA9-35C0-402C-9D96-10C75369A1EA}.Desktop_Debug|x86.ActiveCfg = Debug|Any CPU
		{CACD3CA9-35C0-402C-9D96-10C75369A1EA}.Desktop_Release|Any CPU.ActiveCfg = Release|Any CPU
		{CACD3CA9-35C0-402C-9D96-10C75369A1EA}.Desktop_Release|Any CPU.Build.0 = Release|Any CPU
		{CACD3CA9-35C0-402C-9D96-10C75369A1EA}.Desktop_Release|Any CPU.Deploy.0 = Release|Any CPU
		{CACD3CA9-35C0-402C-9D96-10C75369A1EA}.Desktop_Release|iPhone.ActiveCfg = Release|Any CPU
		{CACD3CA9-35C0-402C-9D96-10C75369A1EA}.Desktop_Release|iPhone.Build.0 = Release|Any CPU
		{CACD3CA9-35C0-402C-9D96-10C75369A1EA}.Desktop_Release|iPhone.Deploy.0 = Release|Any CPU
		{CACD3CA9-35C0-402C-9D96-10C75369A1EA}.Desktop_Release|iPhoneSimulator.ActiveCfg = Release|Any CPU
		{CACD3CA9-35C0-402C-9D96-10C75369A1EA}.Desktop_Release|iPhoneSimulator.Build.0 = Release|Any CPU
		{CACD3CA9-35C0-402C-9D96-10C75369A1EA}.Desktop_Release|iPhoneSimulator.Deploy.0 = Release|Any CPU
		{CACD3CA9-35C0-402C-9D96-10C75369A1EA}.Desktop_Release|x64.ActiveCfg = Release|Any CPU
		{CACD3CA9-35C0-402C-9D96-10C75369A1EA}.Desktop_Release|x64.Build.0 = Release|Any CPU
		{CACD3CA9-35C0-402C-9D96-10C75369A1EA}.Desktop_Release|x64.Deploy.0 = Release|Any CPU
		{CACD3CA9-35C0-402C-9D96-10C75369A1EA}.Desktop_Release|x86.ActiveCfg = Release|Any CPU
		{CACD3CA9-35C0-402C-9D96-10C75369A1EA}.Desktop_Release|x86.Build.0 = Release|Any CPU
		{CACD3CA9-35C0-402C-9D96-10C75369A1EA}.Desktop_Release|x86.Deploy.0 = Release|Any CPU
		{CACD3CA9-35C0-402C-9D96-10C75369A1EA}.IOS_Device_Debug|Any CPU.ActiveCfg = IOS_Device_Debug|Any CPU
		{CACD3CA9-35C0-402C-9D96-10C75369A1EA}.IOS_Device_Debug|Any CPU.Build.0 = IOS_Device_Debug|Any CPU
		{CACD3CA9-35C0-402C-9D96-10C75369A1EA}.IOS_Device_Debug|Any CPU.Deploy.0 = IOS_Device_Debug|Any CPU
		{CACD3CA9-35C0-402C-9D96-10C75369A1EA}.IOS_Device_Debug|iPhone.ActiveCfg = IOS_Device_Debug|Any CPU
		{CACD3CA9-35C0-402C-9D96-10C75369A1EA}.IOS_Device_Debug|iPhone.Build.0 = IOS_Device_Debug|Any CPU
		{CACD3CA9-35C0-402C-9D96-10C75369A1EA}.IOS_Device_Debug|iPhone.Deploy.0 = IOS_Device_Debug|Any CPU
		{CACD3CA9-35C0-402C-9D96-10C75369A1EA}.IOS_Device_Debug|iPhoneSimulator.ActiveCfg = IOS_Device_Debug|Any CPU
		{CACD3CA9-35C0-402C-9D96-10C75369A1EA}.IOS_Device_Debug|iPhoneSimulator.Build.0 = IOS_Device_Debug|Any CPU
		{CACD3CA9-35C0-402C-9D96-10C75369A1EA}.IOS_Device_Debug|iPhoneSimulator.Deploy.0 = IOS_Device_Debug|Any CPU
		{CACD3CA9-35C0-402C-9D96-10C75369A1EA}.IOS_Device_Debug|x64.ActiveCfg = IOS_Device_Debug|Any CPU
		{CACD3CA9-35C0-402C-9D96-10C75369A1EA}.IOS_Device_Debug|x64.Build.0 = IOS_Device_Debug|Any CPU
		{CACD3CA9-35C0-402C-9D96-10C75369A1EA}.IOS_Device_Debug|x64.Deploy.0 = IOS_Device_Debug|Any CPU
		{CACD3CA9-35C0-402C-9D96-10C75369A1EA}.IOS_Device_Debug|x86.ActiveCfg = IOS_Device_Debug|Any CPU
		{CACD3CA9-35C0-402C-9D96-10C75369A1EA}.IOS_Device_Debug|x86.Build.0 = IOS_Device_Debug|Any CPU
		{CACD3CA9-35C0-402C-9D96-10C75369A1EA}.IOS_Device_Debug|x86.Deploy.0 = IOS_Device_Debug|Any CPU
		{CACD3CA9-35C0-402C-9D96-10C75369A1EA}.IOS_Simulator_Debug|Any CPU.ActiveCfg = IOS_Simulator_Debug|Any CPU
		{CACD3CA9-35C0-402C-9D96-10C75369A1EA}.IOS_Simulator_Debug|Any CPU.Build.0 = IOS_Simulator_Debug|Any CPU
		{CACD3CA9-35C0-402C-9D96-10C75369A1EA}.IOS_Simulator_Debug|Any CPU.Deploy.0 = IOS_Simulator_Debug|Any CPU
		{CACD3CA9-35C0-402C-9D96-10C75369A1EA}.IOS_Simulator_Debug|iPhone.ActiveCfg = IOS_Simulator_Debug|Any CPU
		{CACD3CA9-35C0-402C-9D96-10C75369A1EA}.IOS_Simulator_Debug|iPhoneSimulator.ActiveCfg = IOS_Simulator_Debug|Any CPU
		{CACD3CA9-35C0-402C-9D96-10C75369A1EA}.IOS_Simulator_Debug|iPhoneSimulator.Build.0 = IOS_Simulator_Debug|Any CPU
		{CACD3CA9-35C0-402C-9D96-10C75369A1EA}.IOS_Simulator_Debug|iPhoneSimulator.Deploy.0 = IOS_Simulator_Debug|Any CPU
		{CACD3CA9-35C0-402C-9D96-10C75369A1EA}.IOS_Simulator_Debug|x64.ActiveCfg = IOS_Simulator_Debug|Any CPU
		{CACD3CA9-35C0-402C-9D96-10C75369A1EA}.IOS_Simulator_Debug|x64.Build.0 = IOS_Simulator_Debug|Any CPU
		{CACD3CA9-35C0-402C-9D96-10C75369A1EA}.IOS_Simulator_Debug|x64.Deploy.0 = IOS_Simulator_Debug|Any CPU
		{CACD3CA9-35C0-402C-9D96-10C75369A1EA}.IOS_Simulator_Debug|x86.ActiveCfg = IOS_Simulator_Debug|Any CPU
		{CACD3CA9-35C0-402C-9D96-10C75369A1EA}.IOS_Simulator_Debug|x86.Build.0 = IOS_Simulator_Debug|Any CPU
		{CACD3CA9-35C0-402C-9D96-10C75369A1EA}.IOS_Simulator_Debug|x86.Deploy.0 = IOS_Simulator_Debug|Any CPU
		{A4463B93-9E01-4E58-9F20-3A88FC49EAFB}.Android_Simulator_Debug|Any CPU.ActiveCfg = Android_Simulator_Debug|iPhoneSimulator
		{A4463B93-9E01-4E58-9F20-3A88FC49EAFB}.Android_Simulator_Debug|iPhone.ActiveCfg = Android_Simulator_Debug|iPhone
		{A4463B93-9E01-4E58-9F20-3A88FC49EAFB}.Android_Simulator_Debug|iPhone.Build.0 = Android_Simulator_Debug|iPhone
		{A4463B93-9E01-4E58-9F20-3A88FC49EAFB}.Android_Simulator_Debug|iPhoneSimulator.ActiveCfg = Android_Simulator_Debug|iPhoneSimulator
		{A4463B93-9E01-4E58-9F20-3A88FC49EAFB}.Android_Simulator_Debug|iPhoneSimulator.Build.0 = Android_Simulator_Debug|iPhoneSimulator
		{A4463B93-9E01-4E58-9F20-3A88FC49EAFB}.Android_Simulator_Debug|x64.ActiveCfg = Android_Simulator_Debug|iPhoneSimulator
		{A4463B93-9E01-4E58-9F20-3A88FC49EAFB}.Android_Simulator_Debug|x86.ActiveCfg = Android_Simulator_Debug|iPhoneSimulator
		{A4463B93-9E01-4E58-9F20-3A88FC49EAFB}.Desktop_Debug|Any CPU.ActiveCfg = IOS_Device_Debug|iPhoneSimulator
		{A4463B93-9E01-4E58-9F20-3A88FC49EAFB}.Desktop_Debug|iPhone.ActiveCfg = Debug|iPhone
		{A4463B93-9E01-4E58-9F20-3A88FC49EAFB}.Desktop_Debug|iPhone.Build.0 = Debug|iPhone
		{A4463B93-9E01-4E58-9F20-3A88FC49EAFB}.Desktop_Debug|iPhoneSimulator.ActiveCfg = Debug|iPhoneSimulator
		{A4463B93-9E01-4E58-9F20-3A88FC49EAFB}.Desktop_Debug|iPhoneSimulator.Build.0 = Debug|iPhoneSimulator
		{A4463B93-9E01-4E58-9F20-3A88FC49EAFB}.Desktop_Debug|x64.ActiveCfg = IOS_Device_Debug|iPhoneSimulator
		{A4463B93-9E01-4E58-9F20-3A88FC49EAFB}.Desktop_Debug|x86.ActiveCfg = IOS_Device_Debug|iPhoneSimulator
		{A4463B93-9E01-4E58-9F20-3A88FC49EAFB}.Desktop_Release|Any CPU.ActiveCfg = IOS_Device_Debug|iPhoneSimulator
		{A4463B93-9E01-4E58-9F20-3A88FC49EAFB}.Desktop_Release|Any CPU.Build.0 = IOS_Device_Debug|iPhoneSimulator
		{A4463B93-9E01-4E58-9F20-3A88FC49EAFB}.Desktop_Release|iPhone.ActiveCfg = Release|iPhone
		{A4463B93-9E01-4E58-9F20-3A88FC49EAFB}.Desktop_Release|iPhone.Build.0 = Release|iPhone
		{A4463B93-9E01-4E58-9F20-3A88FC49EAFB}.Desktop_Release|iPhoneSimulator.ActiveCfg = Release|iPhoneSimulator
		{A4463B93-9E01-4E58-9F20-3A88FC49EAFB}.Desktop_Release|iPhoneSimulator.Build.0 = Release|iPhoneSimulator
		{A4463B93-9E01-4E58-9F20-3A88FC49EAFB}.Desktop_Release|x64.ActiveCfg = IOS_Device_Debug|iPhoneSimulator
		{A4463B93-9E01-4E58-9F20-3A88FC49EAFB}.Desktop_Release|x64.Build.0 = IOS_Device_Debug|iPhoneSimulator
		{A4463B93-9E01-4E58-9F20-3A88FC49EAFB}.Desktop_Release|x86.ActiveCfg = IOS_Device_Debug|iPhoneSimulator
		{A4463B93-9E01-4E58-9F20-3A88FC49EAFB}.Desktop_Release|x86.Build.0 = IOS_Device_Debug|iPhoneSimulator
		{A4463B93-9E01-4E58-9F20-3A88FC49EAFB}.IOS_Device_Debug|Any CPU.ActiveCfg = IOS_Device_Debug|iPhoneSimulator
		{A4463B93-9E01-4E58-9F20-3A88FC49EAFB}.IOS_Device_Debug|iPhone.ActiveCfg = IOS_Device_Debug|iPhone
		{A4463B93-9E01-4E58-9F20-3A88FC49EAFB}.IOS_Device_Debug|iPhone.Build.0 = IOS_Device_Debug|iPhone
		{A4463B93-9E01-4E58-9F20-3A88FC49EAFB}.IOS_Device_Debug|iPhoneSimulator.ActiveCfg = IOS_Device_Debug|iPhoneSimulator
		{A4463B93-9E01-4E58-9F20-3A88FC49EAFB}.IOS_Device_Debug|iPhoneSimulator.Build.0 = IOS_Device_Debug|iPhoneSimulator
		{A4463B93-9E01-4E58-9F20-3A88FC49EAFB}.IOS_Device_Debug|x64.ActiveCfg = IOS_Device_Debug|iPhoneSimulator
		{A4463B93-9E01-4E58-9F20-3A88FC49EAFB}.IOS_Device_Debug|x86.ActiveCfg = IOS_Device_Debug|iPhoneSimulator
		{A4463B93-9E01-4E58-9F20-3A88FC49EAFB}.IOS_Simulator_Debug|Any CPU.ActiveCfg = IOS_Simulator_Debug|iPhoneSimulator
		{A4463B93-9E01-4E58-9F20-3A88FC49EAFB}.IOS_Simulator_Debug|iPhone.ActiveCfg = IOS_Simulator_Debug|iPhone
		{A4463B93-9E01-4E58-9F20-3A88FC49EAFB}.IOS_Simulator_Debug|iPhone.Build.0 = IOS_Simulator_Debug|iPhone
		{A4463B93-9E01-4E58-9F20-3A88FC49EAFB}.IOS_Simulator_Debug|iPhoneSimulator.ActiveCfg = IOS_Simulator_Debug|iPhoneSimulator
		{A4463B93-9E01-4E58-9F20-3A88FC49EAFB}.IOS_Simulator_Debug|iPhoneSimulator.Build.0 = IOS_Simulator_Debug|iPhoneSimulator
		{A4463B93-9E01-4E58-9F20-3A88FC49EAFB}.IOS_Simulator_Debug|x64.ActiveCfg = IOS_Simulator_Debug|iPhoneSimulator
		{A4463B93-9E01-4E58-9F20-3A88FC49EAFB}.IOS_Simulator_Debug|x86.ActiveCfg = IOS_Simulator_Debug|iPhoneSimulator
		{C44D8B07-A5F3-4443-AB80-AAB64924391E}.Android_Simulator_Debug|Any CPU.ActiveCfg = Android_Simulator_Debug|Any CPU
		{C44D8B07-A5F3-4443-AB80-AAB64924391E}.Android_Simulator_Debug|Any CPU.Build.0 = Android_Simulator_Debug|Any CPU
		{C44D8B07-A5F3-4443-AB80-AAB64924391E}.Android_Simulator_Debug|iPhone.ActiveCfg = Android_Simulator_Debug|Any CPU
		{C44D8B07-A5F3-4443-AB80-AAB64924391E}.Android_Simulator_Debug|iPhone.Build.0 = Android_Simulator_Debug|Any CPU
		{C44D8B07-A5F3-4443-AB80-AAB64924391E}.Android_Simulator_Debug|iPhoneSimulator.ActiveCfg = Android_Simulator_Debug|Any CPU
		{C44D8B07-A5F3-4443-AB80-AAB64924391E}.Android_Simulator_Debug|iPhoneSimulator.Build.0 = Android_Simulator_Debug|Any CPU
		{C44D8B07-A5F3-4443-AB80-AAB64924391E}.Android_Simulator_Debug|x64.ActiveCfg = Android_Simulator_Debug|Any CPU
		{C44D8B07-A5F3-4443-AB80-AAB64924391E}.Android_Simulator_Debug|x64.Build.0 = Android_Simulator_Debug|Any CPU
		{C44D8B07-A5F3-4443-AB80-AAB64924391E}.Android_Simulator_Debug|x86.ActiveCfg = Android_Simulator_Debug|Any CPU
		{C44D8B07-A5F3-4443-AB80-AAB64924391E}.Android_Simulator_Debug|x86.Build.0 = Android_Simulator_Debug|Any CPU
		{C44D8B07-A5F3-4443-AB80-AAB64924391E}.Desktop_Debug|Any CPU.ActiveCfg = Debug|Any CPU
		{C44D8B07-A5F3-4443-AB80-AAB64924391E}.Desktop_Debug|iPhone.ActiveCfg = Debug|Any CPU
		{C44D8B07-A5F3-4443-AB80-AAB64924391E}.Desktop_Debug|iPhone.Build.0 = Debug|Any CPU
		{C44D8B07-A5F3-4443-AB80-AAB64924391E}.Desktop_Debug|iPhoneSimulator.ActiveCfg = Debug|Any CPU
		{C44D8B07-A5F3-4443-AB80-AAB64924391E}.Desktop_Debug|iPhoneSimulator.Build.0 = Debug|Any CPU
		{C44D8B07-A5F3-4443-AB80-AAB64924391E}.Desktop_Debug|x64.ActiveCfg = Debug|Any CPU
		{C44D8B07-A5F3-4443-AB80-AAB64924391E}.Desktop_Debug|x86.ActiveCfg = Debug|Any CPU
		{C44D8B07-A5F3-4443-AB80-AAB64924391E}.Desktop_Release|Any CPU.ActiveCfg = Release|Any CPU
		{C44D8B07-A5F3-4443-AB80-AAB64924391E}.Desktop_Release|Any CPU.Build.0 = Release|Any CPU
		{C44D8B07-A5F3-4443-AB80-AAB64924391E}.Desktop_Release|iPhone.ActiveCfg = Release|Any CPU
		{C44D8B07-A5F3-4443-AB80-AAB64924391E}.Desktop_Release|iPhone.Build.0 = Release|Any CPU
		{C44D8B07-A5F3-4443-AB80-AAB64924391E}.Desktop_Release|iPhoneSimulator.ActiveCfg = Release|Any CPU
		{C44D8B07-A5F3-4443-AB80-AAB64924391E}.Desktop_Release|iPhoneSimulator.Build.0 = Release|Any CPU
		{C44D8B07-A5F3-4443-AB80-AAB64924391E}.Desktop_Release|x64.ActiveCfg = Release|Any CPU
		{C44D8B07-A5F3-4443-AB80-AAB64924391E}.Desktop_Release|x64.Build.0 = Release|Any CPU
		{C44D8B07-A5F3-4443-AB80-AAB64924391E}.Desktop_Release|x86.ActiveCfg = Release|Any CPU
		{C44D8B07-A5F3-4443-AB80-AAB64924391E}.Desktop_Release|x86.Build.0 = Release|Any CPU
		{C44D8B07-A5F3-4443-AB80-AAB64924391E}.IOS_Device_Debug|Any CPU.ActiveCfg = IOS_Device_Debug|Any CPU
		{C44D8B07-A5F3-4443-AB80-AAB64924391E}.IOS_Device_Debug|Any CPU.Build.0 = IOS_Device_Debug|Any CPU
		{C44D8B07-A5F3-4443-AB80-AAB64924391E}.IOS_Device_Debug|iPhone.ActiveCfg = IOS_Device_Debug|Any CPU
		{C44D8B07-A5F3-4443-AB80-AAB64924391E}.IOS_Device_Debug|iPhone.Build.0 = IOS_Device_Debug|Any CPU
		{C44D8B07-A5F3-4443-AB80-AAB64924391E}.IOS_Device_Debug|iPhoneSimulator.ActiveCfg = IOS_Device_Debug|Any CPU
		{C44D8B07-A5F3-4443-AB80-AAB64924391E}.IOS_Device_Debug|iPhoneSimulator.Build.0 = IOS_Device_Debug|Any CPU
		{C44D8B07-A5F3-4443-AB80-AAB64924391E}.IOS_Device_Debug|x64.ActiveCfg = IOS_Device_Debug|Any CPU
		{C44D8B07-A5F3-4443-AB80-AAB64924391E}.IOS_Device_Debug|x64.Build.0 = IOS_Device_Debug|Any CPU
		{C44D8B07-A5F3-4443-AB80-AAB64924391E}.IOS_Device_Debug|x86.ActiveCfg = IOS_Device_Debug|Any CPU
		{C44D8B07-A5F3-4443-AB80-AAB64924391E}.IOS_Device_Debug|x86.Build.0 = IOS_Device_Debug|Any CPU
		{C44D8B07-A5F3-4443-AB80-AAB64924391E}.IOS_Simulator_Debug|Any CPU.ActiveCfg = IOS_Simulator_Debug|Any CPU
		{C44D8B07-A5F3-4443-AB80-AAB64924391E}.IOS_Simulator_Debug|Any CPU.Build.0 = IOS_Simulator_Debug|Any CPU
		{C44D8B07-A5F3-4443-AB80-AAB64924391E}.IOS_Simulator_Debug|iPhone.ActiveCfg = IOS_Simulator_Debug|Any CPU
		{C44D8B07-A5F3-4443-AB80-AAB64924391E}.IOS_Simulator_Debug|iPhone.Build.0 = IOS_Simulator_Debug|Any CPU
		{C44D8B07-A5F3-4443-AB80-AAB64924391E}.IOS_Simulator_Debug|iPhoneSimulator.ActiveCfg = IOS_Simulator_Debug|Any CPU
		{C44D8B07-A5F3-4443-AB80-AAB64924391E}.IOS_Simulator_Debug|iPhoneSimulator.Build.0 = IOS_Simulator_Debug|Any CPU
		{C44D8B07-A5F3-4443-AB80-AAB64924391E}.IOS_Simulator_Debug|x64.ActiveCfg = IOS_Simulator_Debug|Any CPU
		{C44D8B07-A5F3-4443-AB80-AAB64924391E}.IOS_Simulator_Debug|x64.Build.0 = IOS_Simulator_Debug|Any CPU
		{C44D8B07-A5F3-4443-AB80-AAB64924391E}.IOS_Simulator_Debug|x86.ActiveCfg = IOS_Simulator_Debug|Any CPU
		{C44D8B07-A5F3-4443-AB80-AAB64924391E}.IOS_Simulator_Debug|x86.Build.0 = IOS_Simulator_Debug|Any CPU
		{8E498BC2-CFD2-44C7-83FE-F4A29286001D}.Android_Simulator_Debug|Any CPU.ActiveCfg = Android_Simulator_Debug|Any CPU
		{8E498BC2-CFD2-44C7-83FE-F4A29286001D}.Android_Simulator_Debug|Any CPU.Build.0 = Android_Simulator_Debug|Any CPU
		{8E498BC2-CFD2-44C7-83FE-F4A29286001D}.Android_Simulator_Debug|iPhone.ActiveCfg = Android_Simulator_Debug|Any CPU
		{8E498BC2-CFD2-44C7-83FE-F4A29286001D}.Android_Simulator_Debug|iPhone.Build.0 = Android_Simulator_Debug|Any CPU
		{8E498BC2-CFD2-44C7-83FE-F4A29286001D}.Android_Simulator_Debug|iPhoneSimulator.ActiveCfg = Android_Simulator_Debug|Any CPU
		{8E498BC2-CFD2-44C7-83FE-F4A29286001D}.Android_Simulator_Debug|iPhoneSimulator.Build.0 = Android_Simulator_Debug|Any CPU
		{8E498BC2-CFD2-44C7-83FE-F4A29286001D}.Android_Simulator_Debug|x64.ActiveCfg = Android_Simulator_Debug|x64
		{8E498BC2-CFD2-44C7-83FE-F4A29286001D}.Android_Simulator_Debug|x64.Build.0 = Android_Simulator_Debug|x64
		{8E498BC2-CFD2-44C7-83FE-F4A29286001D}.Android_Simulator_Debug|x86.ActiveCfg = Android_Simulator_Debug|x86
		{8E498BC2-CFD2-44C7-83FE-F4A29286001D}.Android_Simulator_Debug|x86.Build.0 = Android_Simulator_Debug|x86
		{8E498BC2-CFD2-44C7-83FE-F4A29286001D}.Desktop_Debug|Any CPU.ActiveCfg = Desktop_Debug|Any CPU
		{8E498BC2-CFD2-44C7-83FE-F4A29286001D}.Desktop_Debug|Any CPU.Build.0 = Desktop_Debug|Any CPU
		{8E498BC2-CFD2-44C7-83FE-F4A29286001D}.Desktop_Debug|iPhone.ActiveCfg = Desktop_Debug|Any CPU
		{8E498BC2-CFD2-44C7-83FE-F4A29286001D}.Desktop_Debug|iPhone.Build.0 = Desktop_Debug|Any CPU
		{8E498BC2-CFD2-44C7-83FE-F4A29286001D}.Desktop_Debug|iPhoneSimulator.ActiveCfg = Desktop_Debug|Any CPU
		{8E498BC2-CFD2-44C7-83FE-F4A29286001D}.Desktop_Debug|iPhoneSimulator.Build.0 = Desktop_Debug|Any CPU
		{8E498BC2-CFD2-44C7-83FE-F4A29286001D}.Desktop_Debug|x64.ActiveCfg = Desktop_Debug|x64
		{8E498BC2-CFD2-44C7-83FE-F4A29286001D}.Desktop_Debug|x64.Build.0 = Desktop_Debug|x64
		{8E498BC2-CFD2-44C7-83FE-F4A29286001D}.Desktop_Debug|x86.ActiveCfg = Desktop_Debug|x86
		{8E498BC2-CFD2-44C7-83FE-F4A29286001D}.Desktop_Debug|x86.Build.0 = Desktop_Debug|x86
		{8E498BC2-CFD2-44C7-83FE-F4A29286001D}.Desktop_Release|Any CPU.ActiveCfg = Desktop_Release|Any CPU
		{8E498BC2-CFD2-44C7-83FE-F4A29286001D}.Desktop_Release|Any CPU.Build.0 = Desktop_Release|Any CPU
		{8E498BC2-CFD2-44C7-83FE-F4A29286001D}.Desktop_Release|iPhone.ActiveCfg = Desktop_Release|Any CPU
		{8E498BC2-CFD2-44C7-83FE-F4A29286001D}.Desktop_Release|iPhone.Build.0 = Desktop_Release|Any CPU
		{8E498BC2-CFD2-44C7-83FE-F4A29286001D}.Desktop_Release|iPhoneSimulator.ActiveCfg = Desktop_Release|Any CPU
		{8E498BC2-CFD2-44C7-83FE-F4A29286001D}.Desktop_Release|iPhoneSimulator.Build.0 = Desktop_Release|Any CPU
		{8E498BC2-CFD2-44C7-83FE-F4A29286001D}.Desktop_Release|x64.ActiveCfg = Desktop_Release|x64
		{8E498BC2-CFD2-44C7-83FE-F4A29286001D}.Desktop_Release|x64.Build.0 = Desktop_Release|x64
		{8E498BC2-CFD2-44C7-83FE-F4A29286001D}.Desktop_Release|x86.ActiveCfg = Desktop_Release|x86
		{8E498BC2-CFD2-44C7-83FE-F4A29286001D}.Desktop_Release|x86.Build.0 = Desktop_Release|x86
		{8E498BC2-CFD2-44C7-83FE-F4A29286001D}.IOS_Device_Debug|Any CPU.ActiveCfg = IOS_Device_Debug|Any CPU
		{8E498BC2-CFD2-44C7-83FE-F4A29286001D}.IOS_Device_Debug|Any CPU.Build.0 = IOS_Device_Debug|Any CPU
		{8E498BC2-CFD2-44C7-83FE-F4A29286001D}.IOS_Device_Debug|iPhone.ActiveCfg = IOS_Device_Debug|Any CPU
		{8E498BC2-CFD2-44C7-83FE-F4A29286001D}.IOS_Device_Debug|iPhone.Build.0 = IOS_Device_Debug|Any CPU
		{8E498BC2-CFD2-44C7-83FE-F4A29286001D}.IOS_Device_Debug|iPhoneSimulator.ActiveCfg = IOS_Device_Debug|Any CPU
		{8E498BC2-CFD2-44C7-83FE-F4A29286001D}.IOS_Device_Debug|iPhoneSimulator.Build.0 = IOS_Device_Debug|Any CPU
		{8E498BC2-CFD2-44C7-83FE-F4A29286001D}.IOS_Device_Debug|x64.ActiveCfg = IOS_Device_Debug|x64
		{8E498BC2-CFD2-44C7-83FE-F4A29286001D}.IOS_Device_Debug|x64.Build.0 = IOS_Device_Debug|x64
		{8E498BC2-CFD2-44C7-83FE-F4A29286001D}.IOS_Device_Debug|x86.ActiveCfg = IOS_Device_Debug|x86
		{8E498BC2-CFD2-44C7-83FE-F4A29286001D}.IOS_Device_Debug|x86.Build.0 = IOS_Device_Debug|x86
		{8E498BC2-CFD2-44C7-83FE-F4A29286001D}.IOS_Simulator_Debug|Any CPU.ActiveCfg = IOS_Simulator_Debug|Any CPU
		{8E498BC2-CFD2-44C7-83FE-F4A29286001D}.IOS_Simulator_Debug|Any CPU.Build.0 = IOS_Simulator_Debug|Any CPU
		{8E498BC2-CFD2-44C7-83FE-F4A29286001D}.IOS_Simulator_Debug|iPhone.ActiveCfg = IOS_Simulator_Debug|Any CPU
		{8E498BC2-CFD2-44C7-83FE-F4A29286001D}.IOS_Simulator_Debug|iPhone.Build.0 = IOS_Simulator_Debug|Any CPU
		{8E498BC2-CFD2-44C7-83FE-F4A29286001D}.IOS_Simulator_Debug|iPhoneSimulator.ActiveCfg = IOS_Simulator_Debug|Any CPU
		{8E498BC2-CFD2-44C7-83FE-F4A29286001D}.IOS_Simulator_Debug|iPhoneSimulator.Build.0 = IOS_Simulator_Debug|Any CPU
		{8E498BC2-CFD2-44C7-83FE-F4A29286001D}.IOS_Simulator_Debug|x64.ActiveCfg = IOS_Simulator_Debug|x64
		{8E498BC2-CFD2-44C7-83FE-F4A29286001D}.IOS_Simulator_Debug|x64.Build.0 = IOS_Simulator_Debug|x64
		{8E498BC2-CFD2-44C7-83FE-F4A29286001D}.IOS_Simulator_Debug|x86.ActiveCfg = IOS_Simulator_Debug|x86
		{8E498BC2-CFD2-44C7-83FE-F4A29286001D}.IOS_Simulator_Debug|x86.Build.0 = IOS_Simulator_Debug|x86
		{516D778E-DB61-429A-AFC7-F7B968A01017}.Android_Simulator_Debug|Any CPU.ActiveCfg = Debug|Any CPU
		{516D778E-DB61-429A-AFC7-F7B968A01017}.Android_Simulator_Debug|iPhone.ActiveCfg = Debug|Any CPU
		{516D778E-DB61-429A-AFC7-F7B968A01017}.Android_Simulator_Debug|iPhone.Build.0 = Debug|Any CPU
		{516D778E-DB61-429A-AFC7-F7B968A01017}.Android_Simulator_Debug|iPhoneSimulator.ActiveCfg = Debug|Any CPU
		{516D778E-DB61-429A-AFC7-F7B968A01017}.Android_Simulator_Debug|iPhoneSimulator.Build.0 = Debug|Any CPU
		{516D778E-DB61-429A-AFC7-F7B968A01017}.Android_Simulator_Debug|x64.ActiveCfg = Debug|x64
		{516D778E-DB61-429A-AFC7-F7B968A01017}.Android_Simulator_Debug|x64.Build.0 = Debug|x64
		{516D778E-DB61-429A-AFC7-F7B968A01017}.Android_Simulator_Debug|x86.ActiveCfg = Debug|x86
		{516D778E-DB61-429A-AFC7-F7B968A01017}.Android_Simulator_Debug|x86.Build.0 = Debug|x86
		{516D778E-DB61-429A-AFC7-F7B968A01017}.Desktop_Debug|Any CPU.ActiveCfg = Desktop_Debug|Any CPU
		{516D778E-DB61-429A-AFC7-F7B968A01017}.Desktop_Debug|Any CPU.Build.0 = Desktop_Debug|Any CPU
		{516D778E-DB61-429A-AFC7-F7B968A01017}.Desktop_Debug|iPhone.ActiveCfg = Desktop_Debug|Any CPU
		{516D778E-DB61-429A-AFC7-F7B968A01017}.Desktop_Debug|iPhone.Build.0 = Desktop_Debug|Any CPU
		{516D778E-DB61-429A-AFC7-F7B968A01017}.Desktop_Debug|iPhoneSimulator.ActiveCfg = Desktop_Debug|Any CPU
		{516D778E-DB61-429A-AFC7-F7B968A01017}.Desktop_Debug|iPhoneSimulator.Build.0 = Desktop_Debug|Any CPU
		{516D778E-DB61-429A-AFC7-F7B968A01017}.Desktop_Debug|x64.ActiveCfg = Desktop_Debug|x64
		{516D778E-DB61-429A-AFC7-F7B968A01017}.Desktop_Debug|x64.Build.0 = Desktop_Debug|x64
		{516D778E-DB61-429A-AFC7-F7B968A01017}.Desktop_Debug|x86.ActiveCfg = Desktop_Debug|x86
		{516D778E-DB61-429A-AFC7-F7B968A01017}.Desktop_Debug|x86.Build.0 = Desktop_Debug|x86
		{516D778E-DB61-429A-AFC7-F7B968A01017}.Desktop_Release|Any CPU.ActiveCfg = Desktop_Release|Any CPU
		{516D778E-DB61-429A-AFC7-F7B968A01017}.Desktop_Release|Any CPU.Build.0 = Desktop_Release|Any CPU
		{516D778E-DB61-429A-AFC7-F7B968A01017}.Desktop_Release|iPhone.ActiveCfg = Desktop_Release|Any CPU
		{516D778E-DB61-429A-AFC7-F7B968A01017}.Desktop_Release|iPhone.Build.0 = Desktop_Release|Any CPU
		{516D778E-DB61-429A-AFC7-F7B968A01017}.Desktop_Release|iPhoneSimulator.ActiveCfg = Desktop_Release|Any CPU
		{516D778E-DB61-429A-AFC7-F7B968A01017}.Desktop_Release|iPhoneSimulator.Build.0 = Desktop_Release|Any CPU
		{516D778E-DB61-429A-AFC7-F7B968A01017}.Desktop_Release|x64.ActiveCfg = Desktop_Release|x64
		{516D778E-DB61-429A-AFC7-F7B968A01017}.Desktop_Release|x64.Build.0 = Desktop_Release|x64
		{516D778E-DB61-429A-AFC7-F7B968A01017}.Desktop_Release|x86.ActiveCfg = Desktop_Release|x86
		{516D778E-DB61-429A-AFC7-F7B968A01017}.Desktop_Release|x86.Build.0 = Desktop_Release|x86
		{516D778E-DB61-429A-AFC7-F7B968A01017}.IOS_Device_Debug|Any CPU.ActiveCfg = Debug|Any CPU
		{516D778E-DB61-429A-AFC7-F7B968A01017}.IOS_Device_Debug|Any CPU.Build.0 = Debug|Any CPU
		{516D778E-DB61-429A-AFC7-F7B968A01017}.IOS_Device_Debug|iPhone.ActiveCfg = Debug|Any CPU
		{516D778E-DB61-429A-AFC7-F7B968A01017}.IOS_Device_Debug|iPhone.Build.0 = Debug|Any CPU
		{516D778E-DB61-429A-AFC7-F7B968A01017}.IOS_Device_Debug|iPhoneSimulator.ActiveCfg = Debug|Any CPU
		{516D778E-DB61-429A-AFC7-F7B968A01017}.IOS_Device_Debug|iPhoneSimulator.Build.0 = Debug|Any CPU
		{516D778E-DB61-429A-AFC7-F7B968A01017}.IOS_Device_Debug|x64.ActiveCfg = Debug|x64
		{516D778E-DB61-429A-AFC7-F7B968A01017}.IOS_Device_Debug|x64.Build.0 = Debug|x64
		{516D778E-DB61-429A-AFC7-F7B968A01017}.IOS_Device_Debug|x86.ActiveCfg = Debug|x86
		{516D778E-DB61-429A-AFC7-F7B968A01017}.IOS_Device_Debug|x86.Build.0 = Debug|x86
		{516D778E-DB61-429A-AFC7-F7B968A01017}.IOS_Simulator_Debug|Any CPU.ActiveCfg = Debug|Any CPU
		{516D778E-DB61-429A-AFC7-F7B968A01017}.IOS_Simulator_Debug|Any CPU.Build.0 = Debug|Any CPU
		{516D778E-DB61-429A-AFC7-F7B968A01017}.IOS_Simulator_Debug|iPhone.ActiveCfg = Debug|Any CPU
		{516D778E-DB61-429A-AFC7-F7B968A01017}.IOS_Simulator_Debug|iPhoneSimulator.ActiveCfg = Debug|Any CPU
		{516D778E-DB61-429A-AFC7-F7B968A01017}.IOS_Simulator_Debug|iPhoneSimulator.Build.0 = Debug|Any CPU
		{516D778E-DB61-429A-AFC7-F7B968A01017}.IOS_Simulator_Debug|x64.ActiveCfg = Debug|x64
		{516D778E-DB61-429A-AFC7-F7B968A01017}.IOS_Simulator_Debug|x64.Build.0 = Debug|x64
		{516D778E-DB61-429A-AFC7-F7B968A01017}.IOS_Simulator_Debug|x86.ActiveCfg = Debug|x86
		{516D778E-DB61-429A-AFC7-F7B968A01017}.IOS_Simulator_Debug|x86.Build.0 = Debug|x86
		{4D78D79D-E00C-404E-806C-728881FF7A3B}.Android_Simulator_Debug|Any CPU.ActiveCfg = Debug|Any CPU
		{4D78D79D-E00C-404E-806C-728881FF7A3B}.Android_Simulator_Debug|Any CPU.Build.0 = Debug|Any CPU
		{4D78D79D-E00C-404E-806C-728881FF7A3B}.Android_Simulator_Debug|iPhone.ActiveCfg = Debug|Any CPU
		{4D78D79D-E00C-404E-806C-728881FF7A3B}.Android_Simulator_Debug|iPhone.Build.0 = Debug|Any CPU
		{4D78D79D-E00C-404E-806C-728881FF7A3B}.Android_Simulator_Debug|iPhoneSimulator.ActiveCfg = Debug|Any CPU
		{4D78D79D-E00C-404E-806C-728881FF7A3B}.Android_Simulator_Debug|iPhoneSimulator.Build.0 = Debug|Any CPU
		{4D78D79D-E00C-404E-806C-728881FF7A3B}.Android_Simulator_Debug|x64.ActiveCfg = Debug|x64
		{4D78D79D-E00C-404E-806C-728881FF7A3B}.Android_Simulator_Debug|x64.Build.0 = Debug|x64
		{4D78D79D-E00C-404E-806C-728881FF7A3B}.Android_Simulator_Debug|x86.ActiveCfg = Debug|x86
		{4D78D79D-E00C-404E-806C-728881FF7A3B}.Android_Simulator_Debug|x86.Build.0 = Debug|x86
		{4D78D79D-E00C-404E-806C-728881FF7A3B}.Desktop_Debug|Any CPU.ActiveCfg = Desktop_Release|Any CPU
		{4D78D79D-E00C-404E-806C-728881FF7A3B}.Desktop_Debug|Any CPU.Build.0 = Desktop_Release|Any CPU
		{4D78D79D-E00C-404E-806C-728881FF7A3B}.Desktop_Debug|iPhone.ActiveCfg = Desktop_Release|Any CPU
		{4D78D79D-E00C-404E-806C-728881FF7A3B}.Desktop_Debug|iPhone.Build.0 = Desktop_Release|Any CPU
		{4D78D79D-E00C-404E-806C-728881FF7A3B}.Desktop_Debug|iPhoneSimulator.ActiveCfg = Desktop_Release|Any CPU
		{4D78D79D-E00C-404E-806C-728881FF7A3B}.Desktop_Debug|iPhoneSimulator.Build.0 = Desktop_Release|Any CPU
		{4D78D79D-E00C-404E-806C-728881FF7A3B}.Desktop_Debug|x64.ActiveCfg = Desktop_Release|x64
		{4D78D79D-E00C-404E-806C-728881FF7A3B}.Desktop_Debug|x64.Build.0 = Desktop_Release|x64
		{4D78D79D-E00C-404E-806C-728881FF7A3B}.Desktop_Debug|x86.ActiveCfg = Desktop_Release|x86
		{4D78D79D-E00C-404E-806C-728881FF7A3B}.Desktop_Debug|x86.Build.0 = Desktop_Release|x86
		{4D78D79D-E00C-404E-806C-728881FF7A3B}.Desktop_Release|Any CPU.ActiveCfg = Desktop_Release|Any CPU
		{4D78D79D-E00C-404E-806C-728881FF7A3B}.Desktop_Release|Any CPU.Build.0 = Desktop_Release|Any CPU
		{4D78D79D-E00C-404E-806C-728881FF7A3B}.Desktop_Release|iPhone.ActiveCfg = Desktop_Release|Any CPU
		{4D78D79D-E00C-404E-806C-728881FF7A3B}.Desktop_Release|iPhone.Build.0 = Desktop_Release|Any CPU
		{4D78D79D-E00C-404E-806C-728881FF7A3B}.Desktop_Release|iPhoneSimulator.ActiveCfg = Desktop_Release|Any CPU
		{4D78D79D-E00C-404E-806C-728881FF7A3B}.Desktop_Release|iPhoneSimulator.Build.0 = Desktop_Release|Any CPU
		{4D78D79D-E00C-404E-806C-728881FF7A3B}.Desktop_Release|x64.ActiveCfg = Desktop_Release|x64
		{4D78D79D-E00C-404E-806C-728881FF7A3B}.Desktop_Release|x64.Build.0 = Desktop_Release|x64
		{4D78D79D-E00C-404E-806C-728881FF7A3B}.Desktop_Release|x86.ActiveCfg = Desktop_Release|x86
		{4D78D79D-E00C-404E-806C-728881FF7A3B}.Desktop_Release|x86.Build.0 = Desktop_Release|x86
		{4D78D79D-E00C-404E-806C-728881FF7A3B}.IOS_Device_Debug|Any CPU.ActiveCfg = Debug|Any CPU
		{4D78D79D-E00C-404E-806C-728881FF7A3B}.IOS_Device_Debug|Any CPU.Build.0 = Debug|Any CPU
		{4D78D79D-E00C-404E-806C-728881FF7A3B}.IOS_Device_Debug|iPhone.ActiveCfg = Debug|Any CPU
		{4D78D79D-E00C-404E-806C-728881FF7A3B}.IOS_Device_Debug|iPhone.Build.0 = Debug|Any CPU
		{4D78D79D-E00C-404E-806C-728881FF7A3B}.IOS_Device_Debug|iPhoneSimulator.ActiveCfg = Debug|Any CPU
		{4D78D79D-E00C-404E-806C-728881FF7A3B}.IOS_Device_Debug|iPhoneSimulator.Build.0 = Debug|Any CPU
		{4D78D79D-E00C-404E-806C-728881FF7A3B}.IOS_Device_Debug|x64.ActiveCfg = Debug|x64
		{4D78D79D-E00C-404E-806C-728881FF7A3B}.IOS_Device_Debug|x64.Build.0 = Debug|x64
		{4D78D79D-E00C-404E-806C-728881FF7A3B}.IOS_Device_Debug|x86.ActiveCfg = Debug|x86
		{4D78D79D-E00C-404E-806C-728881FF7A3B}.IOS_Device_Debug|x86.Build.0 = Debug|x86
		{4D78D79D-E00C-404E-806C-728881FF7A3B}.IOS_Simulator_Debug|Any CPU.ActiveCfg = Debug|Any CPU
		{4D78D79D-E00C-404E-806C-728881FF7A3B}.IOS_Simulator_Debug|Any CPU.Build.0 = Debug|Any CPU
		{4D78D79D-E00C-404E-806C-728881FF7A3B}.IOS_Simulator_Debug|iPhone.ActiveCfg = Debug|Any CPU
		{4D78D79D-E00C-404E-806C-728881FF7A3B}.IOS_Simulator_Debug|iPhoneSimulator.ActiveCfg = Debug|Any CPU
		{4D78D79D-E00C-404E-806C-728881FF7A3B}.IOS_Simulator_Debug|iPhoneSimulator.Build.0 = Debug|Any CPU
		{4D78D79D-E00C-404E-806C-728881FF7A3B}.IOS_Simulator_Debug|x64.ActiveCfg = Debug|x64
		{4D78D79D-E00C-404E-806C-728881FF7A3B}.IOS_Simulator_Debug|x64.Build.0 = Debug|x64
		{4D78D79D-E00C-404E-806C-728881FF7A3B}.IOS_Simulator_Debug|x86.ActiveCfg = Debug|x86
		{4D78D79D-E00C-404E-806C-728881FF7A3B}.IOS_Simulator_Debug|x86.Build.0 = Debug|x86
		{B500BB18-DFE9-4878-869A-2B46B21FEA40}.Android_Simulator_Debug|Any CPU.ActiveCfg = Debug|Any CPU
		{B500BB18-DFE9-4878-869A-2B46B21FEA40}.Android_Simulator_Debug|Any CPU.Build.0 = Debug|Any CPU
		{B500BB18-DFE9-4878-869A-2B46B21FEA40}.Android_Simulator_Debug|iPhone.ActiveCfg = Debug|Any CPU
		{B500BB18-DFE9-4878-869A-2B46B21FEA40}.Android_Simulator_Debug|iPhone.Build.0 = Debug|Any CPU
		{B500BB18-DFE9-4878-869A-2B46B21FEA40}.Android_Simulator_Debug|iPhoneSimulator.ActiveCfg = Debug|Any CPU
		{B500BB18-DFE9-4878-869A-2B46B21FEA40}.Android_Simulator_Debug|iPhoneSimulator.Build.0 = Debug|Any CPU
		{B500BB18-DFE9-4878-869A-2B46B21FEA40}.Android_Simulator_Debug|x64.ActiveCfg = Debug|x64
		{B500BB18-DFE9-4878-869A-2B46B21FEA40}.Android_Simulator_Debug|x64.Build.0 = Debug|x64
		{B500BB18-DFE9-4878-869A-2B46B21FEA40}.Android_Simulator_Debug|x86.ActiveCfg = Debug|x86
		{B500BB18-DFE9-4878-869A-2B46B21FEA40}.Android_Simulator_Debug|x86.Build.0 = Debug|x86
		{B500BB18-DFE9-4878-869A-2B46B21FEA40}.Desktop_Debug|Any CPU.ActiveCfg = Desktop_Release|Any CPU
		{B500BB18-DFE9-4878-869A-2B46B21FEA40}.Desktop_Debug|Any CPU.Build.0 = Desktop_Release|Any CPU
		{B500BB18-DFE9-4878-869A-2B46B21FEA40}.Desktop_Debug|iPhone.ActiveCfg = Desktop_Release|Any CPU
		{B500BB18-DFE9-4878-869A-2B46B21FEA40}.Desktop_Debug|iPhone.Build.0 = Desktop_Release|Any CPU
		{B500BB18-DFE9-4878-869A-2B46B21FEA40}.Desktop_Debug|iPhoneSimulator.ActiveCfg = Desktop_Release|Any CPU
		{B500BB18-DFE9-4878-869A-2B46B21FEA40}.Desktop_Debug|iPhoneSimulator.Build.0 = Desktop_Release|Any CPU
		{B500BB18-DFE9-4878-869A-2B46B21FEA40}.Desktop_Debug|x64.ActiveCfg = Desktop_Release|x64
		{B500BB18-DFE9-4878-869A-2B46B21FEA40}.Desktop_Debug|x64.Build.0 = Desktop_Release|x64
		{B500BB18-DFE9-4878-869A-2B46B21FEA40}.Desktop_Debug|x86.ActiveCfg = Desktop_Release|x86
		{B500BB18-DFE9-4878-869A-2B46B21FEA40}.Desktop_Debug|x86.Build.0 = Desktop_Release|x86
		{B500BB18-DFE9-4878-869A-2B46B21FEA40}.Desktop_Release|Any CPU.ActiveCfg = Desktop_Release|Any CPU
		{B500BB18-DFE9-4878-869A-2B46B21FEA40}.Desktop_Release|Any CPU.Build.0 = Desktop_Release|Any CPU
		{B500BB18-DFE9-4878-869A-2B46B21FEA40}.Desktop_Release|iPhone.ActiveCfg = Desktop_Release|Any CPU
		{B500BB18-DFE9-4878-869A-2B46B21FEA40}.Desktop_Release|iPhone.Build.0 = Desktop_Release|Any CPU
		{B500BB18-DFE9-4878-869A-2B46B21FEA40}.Desktop_Release|iPhoneSimulator.ActiveCfg = Desktop_Release|Any CPU
		{B500BB18-DFE9-4878-869A-2B46B21FEA40}.Desktop_Release|iPhoneSimulator.Build.0 = Desktop_Release|Any CPU
		{B500BB18-DFE9-4878-869A-2B46B21FEA40}.Desktop_Release|x64.ActiveCfg = Desktop_Release|x64
		{B500BB18-DFE9-4878-869A-2B46B21FEA40}.Desktop_Release|x64.Build.0 = Desktop_Release|x64
		{B500BB18-DFE9-4878-869A-2B46B21FEA40}.Desktop_Release|x86.ActiveCfg = Desktop_Release|x86
		{B500BB18-DFE9-4878-869A-2B46B21FEA40}.Desktop_Release|x86.Build.0 = Desktop_Release|x86
		{B500BB18-DFE9-4878-869A-2B46B21FEA40}.IOS_Device_Debug|Any CPU.ActiveCfg = Debug|Any CPU
		{B500BB18-DFE9-4878-869A-2B46B21FEA40}.IOS_Device_Debug|Any CPU.Build.0 = Debug|Any CPU
		{B500BB18-DFE9-4878-869A-2B46B21FEA40}.IOS_Device_Debug|iPhone.ActiveCfg = Debug|Any CPU
		{B500BB18-DFE9-4878-869A-2B46B21FEA40}.IOS_Device_Debug|iPhone.Build.0 = Debug|Any CPU
		{B500BB18-DFE9-4878-869A-2B46B21FEA40}.IOS_Device_Debug|iPhoneSimulator.ActiveCfg = Debug|Any CPU
		{B500BB18-DFE9-4878-869A-2B46B21FEA40}.IOS_Device_Debug|iPhoneSimulator.Build.0 = Debug|Any CPU
		{B500BB18-DFE9-4878-869A-2B46B21FEA40}.IOS_Device_Debug|x64.ActiveCfg = Debug|x64
		{B500BB18-DFE9-4878-869A-2B46B21FEA40}.IOS_Device_Debug|x64.Build.0 = Debug|x64
		{B500BB18-DFE9-4878-869A-2B46B21FEA40}.IOS_Device_Debug|x86.ActiveCfg = Debug|x86
		{B500BB18-DFE9-4878-869A-2B46B21FEA40}.IOS_Device_Debug|x86.Build.0 = Debug|x86
		{B500BB18-DFE9-4878-869A-2B46B21FEA40}.IOS_Simulator_Debug|Any CPU.ActiveCfg = Debug|Any CPU
		{B500BB18-DFE9-4878-869A-2B46B21FEA40}.IOS_Simulator_Debug|Any CPU.Build.0 = Debug|Any CPU
		{B500BB18-DFE9-4878-869A-2B46B21FEA40}.IOS_Simulator_Debug|iPhone.ActiveCfg = Debug|Any CPU
		{B500BB18-DFE9-4878-869A-2B46B21FEA40}.IOS_Simulator_Debug|iPhone.Build.0 = Debug|Any CPU
		{B500BB18-DFE9-4878-869A-2B46B21FEA40}.IOS_Simulator_Debug|iPhoneSimulator.ActiveCfg = Debug|Any CPU
		{B500BB18-DFE9-4878-869A-2B46B21FEA40}.IOS_Simulator_Debug|iPhoneSimulator.Build.0 = Debug|Any CPU
		{B500BB18-DFE9-4878-869A-2B46B21FEA40}.IOS_Simulator_Debug|x64.ActiveCfg = Debug|x64
		{B500BB18-DFE9-4878-869A-2B46B21FEA40}.IOS_Simulator_Debug|x64.Build.0 = Debug|x64
		{B500BB18-DFE9-4878-869A-2B46B21FEA40}.IOS_Simulator_Debug|x86.ActiveCfg = Debug|x86
		{B500BB18-DFE9-4878-869A-2B46B21FEA40}.IOS_Simulator_Debug|x86.Build.0 = Debug|x86
	EndGlobalSection
	GlobalSection(SolutionProperties) = preSolution
		HideSolutionNode = FALSE
	EndGlobalSection
	GlobalSection(NestedProjects) = preSolution
		{B9FE8182-8A93-4C47-9EA2-F22F7C16945B} = {346F18F4-95AD-40C4-9414-4E2BB424B049}
		{03B2DA7F-5C61-47F3-9500-BE2FC223BA85} = {3232D081-A6E0-4887-83BF-6052EAD2C674}
		{A6968747-F2E4-48F1-9BB1-591C9F96B377} = {B9FE8182-8A93-4C47-9EA2-F22F7C16945B}
		{D688DD61-0EBA-4DCD-B9D3-F51196E32563} = {03B2DA7F-5C61-47F3-9500-BE2FC223BA85}
		{C8F76BED-05DA-4922-B428-F4ECFA5B4ABD} = {A6968747-F2E4-48F1-9BB1-591C9F96B377}
		{C6A8827E-114A-404C-A889-4ABD49E7BEE4} = {A6968747-F2E4-48F1-9BB1-591C9F96B377}
		{B6826E07-19C5-4610-9E8F-09B725CF6C91} = {A6968747-F2E4-48F1-9BB1-591C9F96B377}
		{D787CEA4-2E81-40AB-A06D-60207BD15481} = {A6968747-F2E4-48F1-9BB1-591C9F96B377}
		{865D3170-E38F-4181-8F4C-C42FBEFE6A8A} = {D688DD61-0EBA-4DCD-B9D3-F51196E32563}
		{611E36E1-2CDB-4600-91D3-C8445887E9E4} = {D688DD61-0EBA-4DCD-B9D3-F51196E32563}
		{4EF83A29-FB19-4FB7-AE76-E7243597A386} = {D688DD61-0EBA-4DCD-B9D3-F51196E32563}
		{7D60F142-79FD-4190-8B2D-CD516F4AFF30} = {D688DD61-0EBA-4DCD-B9D3-F51196E32563}
		{95FA911A-A23D-4A1F-8149-1688D0004865} = {346F18F4-95AD-40C4-9414-4E2BB424B049}
		{8CBBA935-83BD-4C83-8D92-66F8E5E3F55C} = {3232D081-A6E0-4887-83BF-6052EAD2C674}
		{C35D18A0-F42A-4622-A692-8D8A69A414C6} = {95FA911A-A23D-4A1F-8149-1688D0004865}
		{CACD3CA9-35C0-402C-9D96-10C75369A1EA} = {95FA911A-A23D-4A1F-8149-1688D0004865}
		{A4463B93-9E01-4E58-9F20-3A88FC49EAFB} = {95FA911A-A23D-4A1F-8149-1688D0004865}
		{C44D8B07-A5F3-4443-AB80-AAB64924391E} = {8CBBA935-83BD-4C83-8D92-66F8E5E3F55C}
		{01BC1C2B-F61E-4082-9B70-2D495F22F4F1} = {346F18F4-95AD-40C4-9414-4E2BB424B049}
		{14976025-5E89-4B44-B81F-2B276DC6C897} = {3232D081-A6E0-4887-83BF-6052EAD2C674}
		{F8621611-F1DE-4DA8-BD4D-1ED50D2B98C9} = {346F18F4-95AD-40C4-9414-4E2BB424B049}
		{751CF7EA-7D8E-46C5-A16B-9E0CD109CF88} = {3232D081-A6E0-4887-83BF-6052EAD2C674}
		{8E498BC2-CFD2-44C7-83FE-F4A29286001D} = {F8621611-F1DE-4DA8-BD4D-1ED50D2B98C9}
		{516D778E-DB61-429A-AFC7-F7B968A01017} = {01BC1C2B-F61E-4082-9B70-2D495F22F4F1}
		{4D78D79D-E00C-404E-806C-728881FF7A3B} = {14976025-5E89-4B44-B81F-2B276DC6C897}
		{B500BB18-DFE9-4878-869A-2B46B21FEA40} = {751CF7EA-7D8E-46C5-A16B-9E0CD109CF88}
	EndGlobalSection
	GlobalSection(ExtensibilityGlobals) = postSolution
		SolutionGuid = {337E4D59-CBC6-4B7E-9A85-C01BB1CFED63}
	EndGlobalSection
EndGlobal
