
Microsoft Visual Studio Solution File, Format Version 12.00
# Visual Studio Version 16
VisualStudioVersion = 16.0.30225.117
MinimumVisualStudioVersion = 10.0.40219.1
Project("{2150E333-8FDC-42A3-9474-1A3956D46DE8}") = "Mobile", "Mobile", "{41C67DEE-391B-4AF2-A0E0-0B1471B2A7F3}"
EndProject
Project("{2150E333-8FDC-42A3-9474-1A3956D46DE8}") = "Desktop", "Desktop", "{649012DB-27A7-4F98-921B-7CCCC280F212}"
EndProject
Project("{2150E333-8FDC-42A3-9474-1A3956D46DE8}") = "Web", "Web", "{45CFAD02-60DD-42B5-9F9E-360316289EFE}"
EndProject
Project("{2150E333-8FDC-42A3-9474-1A3956D46DE8}") = "Shared", "Shared", "{33340F67-EFEF-4D7F-96C6-429AA5DF2A9D}"
EndProject
Project("{FAE04EC0-301F-11D3-BF4B-00C04F79EFBC}") = "PVScan.Mobile.Android", "PVScan.Mobile\PVScan.Mobile.Android\PVScan.Mobile.Android.csproj", "{7AB3E453-94BD-40C8-ACFF-37ED6799E298}"
EndProject
Project("{FAE04EC0-301F-11D3-BF4B-00C04F79EFBC}") = "PVScan.Mobile.iOS", "PVScan.Mobile\PVScan.Mobile.iOS\PVScan.Mobile.iOS.csproj", "{0DA6526F-3551-4472-8880-2BCDCE9259FA}"
EndProject
Project("{9A19103F-16F7-4668-BE54-9A1E7A4F7556}") = "PVScan.Mobile", "PVScan.Mobile\PVScan.Mobile\PVScan.Mobile.csproj", "{F8DD4143-CE7C-4918-9B24-7DED2291CAA8}"
EndProject
Project("{9A19103F-16F7-4668-BE54-9A1E7A4F7556}") = "PVScan.Desktop", "PVScan.Desktop\PVScan.Desktop.csproj", "{27D0B54E-AB90-408F-82EC-2E7787ACD054}"
EndProject
Project("{FAE04EC0-301F-11D3-BF4B-00C04F79EFBC}") = "PVScan.Web", "PVScan.Web\PVScan.Web.csproj", "{EFFF5B3A-4821-4BA4-8E17-63B3633C7E44}"
EndProject
Global
	GlobalSection(SolutionConfigurationPlatforms) = preSolution
		Debug|Any CPU = Debug|Any CPU
		Debug|iPhone = Debug|iPhone
		Debug|iPhoneSimulator = Debug|iPhoneSimulator
		Release|Any CPU = Release|Any CPU
		Release|iPhone = Release|iPhone
		Release|iPhoneSimulator = Release|iPhoneSimulator
	EndGlobalSection
	GlobalSection(ProjectConfigurationPlatforms) = postSolution
		{7AB3E453-94BD-40C8-ACFF-37ED6799E298}.Debug|Any CPU.ActiveCfg = Debug|Any CPU
		{7AB3E453-94BD-40C8-ACFF-37ED6799E298}.Debug|Any CPU.Build.0 = Debug|Any CPU
		{7AB3E453-94BD-40C8-ACFF-37ED6799E298}.Debug|Any CPU.Deploy.0 = Debug|Any CPU
		{7AB3E453-94BD-40C8-ACFF-37ED6799E298}.Debug|iPhone.ActiveCfg = Debug|Any CPU
		{7AB3E453-94BD-40C8-ACFF-37ED6799E298}.Debug|iPhone.Build.0 = Debug|Any CPU
		{7AB3E453-94BD-40C8-ACFF-37ED6799E298}.Debug|iPhone.Deploy.0 = Debug|Any CPU
		{7AB3E453-94BD-40C8-ACFF-37ED6799E298}.Debug|iPhoneSimulator.ActiveCfg = Debug|Any CPU
		{7AB3E453-94BD-40C8-ACFF-37ED6799E298}.Debug|iPhoneSimulator.Build.0 = Debug|Any CPU
		{7AB3E453-94BD-40C8-ACFF-37ED6799E298}.Debug|iPhoneSimulator.Deploy.0 = Debug|Any CPU
		{7AB3E453-94BD-40C8-ACFF-37ED6799E298}.Release|Any CPU.ActiveCfg = Release|Any CPU
		{7AB3E453-94BD-40C8-ACFF-37ED6799E298}.Release|Any CPU.Build.0 = Release|Any CPU
		{7AB3E453-94BD-40C8-ACFF-37ED6799E298}.Release|Any CPU.Deploy.0 = Release|Any CPU
		{7AB3E453-94BD-40C8-ACFF-37ED6799E298}.Release|iPhone.ActiveCfg = Release|Any CPU
		{7AB3E453-94BD-40C8-ACFF-37ED6799E298}.Release|iPhone.Build.0 = Release|Any CPU
		{7AB3E453-94BD-40C8-ACFF-37ED6799E298}.Release|iPhone.Deploy.0 = Release|Any CPU
		{7AB3E453-94BD-40C8-ACFF-37ED6799E298}.Release|iPhoneSimulator.ActiveCfg = Release|Any CPU
		{7AB3E453-94BD-40C8-ACFF-37ED6799E298}.Release|iPhoneSimulator.Build.0 = Release|Any CPU
		{7AB3E453-94BD-40C8-ACFF-37ED6799E298}.Release|iPhoneSimulator.Deploy.0 = Release|Any CPU
		{0DA6526F-3551-4472-8880-2BCDCE9259FA}.Debug|Any CPU.ActiveCfg = Debug|iPhone
		{0DA6526F-3551-4472-8880-2BCDCE9259FA}.Debug|iPhone.ActiveCfg = Debug|iPhone
		{0DA6526F-3551-4472-8880-2BCDCE9259FA}.Debug|iPhone.Build.0 = Debug|iPhone
		{0DA6526F-3551-4472-8880-2BCDCE9259FA}.Debug|iPhoneSimulator.ActiveCfg = Debug|iPhoneSimulator
		{0DA6526F-3551-4472-8880-2BCDCE9259FA}.Debug|iPhoneSimulator.Build.0 = Debug|iPhoneSimulator
		{0DA6526F-3551-4472-8880-2BCDCE9259FA}.Release|Any CPU.ActiveCfg = Release|iPhone
		{0DA6526F-3551-4472-8880-2BCDCE9259FA}.Release|iPhone.ActiveCfg = Release|iPhone
		{0DA6526F-3551-4472-8880-2BCDCE9259FA}.Release|iPhone.Build.0 = Release|iPhone
		{0DA6526F-3551-4472-8880-2BCDCE9259FA}.Release|iPhoneSimulator.ActiveCfg = Release|iPhoneSimulator
		{0DA6526F-3551-4472-8880-2BCDCE9259FA}.Release|iPhoneSimulator.Build.0 = Release|iPhoneSimulator
		{F8DD4143-CE7C-4918-9B24-7DED2291CAA8}.Debug|Any CPU.ActiveCfg = Debug|Any CPU
		{F8DD4143-CE7C-4918-9B24-7DED2291CAA8}.Debug|Any CPU.Build.0 = Debug|Any CPU
		{F8DD4143-CE7C-4918-9B24-7DED2291CAA8}.Debug|iPhone.ActiveCfg = Debug|Any CPU
		{F8DD4143-CE7C-4918-9B24-7DED2291CAA8}.Debug|iPhone.Build.0 = Debug|Any CPU
		{F8DD4143-CE7C-4918-9B24-7DED2291CAA8}.Debug|iPhoneSimulator.ActiveCfg = Debug|Any CPU
		{F8DD4143-CE7C-4918-9B24-7DED2291CAA8}.Debug|iPhoneSimulator.Build.0 = Debug|Any CPU
		{F8DD4143-CE7C-4918-9B24-7DED2291CAA8}.Release|Any CPU.ActiveCfg = Release|Any CPU
		{F8DD4143-CE7C-4918-9B24-7DED2291CAA8}.Release|Any CPU.Build.0 = Release|Any CPU
		{F8DD4143-CE7C-4918-9B24-7DED2291CAA8}.Release|iPhone.ActiveCfg = Release|Any CPU
		{F8DD4143-CE7C-4918-9B24-7DED2291CAA8}.Release|iPhone.Build.0 = Release|Any CPU
		{F8DD4143-CE7C-4918-9B24-7DED2291CAA8}.Release|iPhoneSimulator.ActiveCfg = Release|Any CPU
		{F8DD4143-CE7C-4918-9B24-7DED2291CAA8}.Release|iPhoneSimulator.Build.0 = Release|Any CPU
		{27D0B54E-AB90-408F-82EC-2E7787ACD054}.Debug|Any CPU.ActiveCfg = Debug|Any CPU
		{27D0B54E-AB90-408F-82EC-2E7787ACD054}.Debug|Any CPU.Build.0 = Debug|Any CPU
		{27D0B54E-AB90-408F-82EC-2E7787ACD054}.Debug|iPhone.ActiveCfg = Debug|Any CPU
		{27D0B54E-AB90-408F-82EC-2E7787ACD054}.Debug|iPhone.Build.0 = Debug|Any CPU
		{27D0B54E-AB90-408F-82EC-2E7787ACD054}.Debug|iPhoneSimulator.ActiveCfg = Debug|Any CPU
		{27D0B54E-AB90-408F-82EC-2E7787ACD054}.Debug|iPhoneSimulator.Build.0 = Debug|Any CPU
		{27D0B54E-AB90-408F-82EC-2E7787ACD054}.Release|Any CPU.ActiveCfg = Release|Any CPU
		{27D0B54E-AB90-408F-82EC-2E7787ACD054}.Release|Any CPU.Build.0 = Release|Any CPU
		{27D0B54E-AB90-408F-82EC-2E7787ACD054}.Release|iPhone.ActiveCfg = Release|Any CPU
		{27D0B54E-AB90-408F-82EC-2E7787ACD054}.Release|iPhone.Build.0 = Release|Any CPU
		{27D0B54E-AB90-408F-82EC-2E7787ACD054}.Release|iPhoneSimulator.ActiveCfg = Release|Any CPU
		{27D0B54E-AB90-408F-82EC-2E7787ACD054}.Release|iPhoneSimulator.Build.0 = Release|Any CPU
		{EFFF5B3A-4821-4BA4-8E17-63B3633C7E44}.Debug|Any CPU.ActiveCfg = Debug|Any CPU
		{EFFF5B3A-4821-4BA4-8E17-63B3633C7E44}.Debug|Any CPU.Build.0 = Debug|Any CPU
		{EFFF5B3A-4821-4BA4-8E17-63B3633C7E44}.Debug|iPhone.ActiveCfg = Debug|Any CPU
		{EFFF5B3A-4821-4BA4-8E17-63B3633C7E44}.Debug|iPhone.Build.0 = Debug|Any CPU
		{EFFF5B3A-4821-4BA4-8E17-63B3633C7E44}.Debug|iPhoneSimulator.ActiveCfg = Debug|Any CPU
		{EFFF5B3A-4821-4BA4-8E17-63B3633C7E44}.Debug|iPhoneSimulator.Build.0 = Debug|Any CPU
		{EFFF5B3A-4821-4BA4-8E17-63B3633C7E44}.Release|Any CPU.ActiveCfg = Release|Any CPU
		{EFFF5B3A-4821-4BA4-8E17-63B3633C7E44}.Release|Any CPU.Build.0 = Release|Any CPU
		{EFFF5B3A-4821-4BA4-8E17-63B3633C7E44}.Release|iPhone.ActiveCfg = Release|Any CPU
		{EFFF5B3A-4821-4BA4-8E17-63B3633C7E44}.Release|iPhone.Build.0 = Release|Any CPU
		{EFFF5B3A-4821-4BA4-8E17-63B3633C7E44}.Release|iPhoneSimulator.ActiveCfg = Release|Any CPU
		{EFFF5B3A-4821-4BA4-8E17-63B3633C7E44}.Release|iPhoneSimulator.Build.0 = Release|Any CPU
	EndGlobalSection
	GlobalSection(SolutionProperties) = preSolution
		HideSolutionNode = FALSE
	EndGlobalSection
	GlobalSection(NestedProjects) = preSolution
		{7AB3E453-94BD-40C8-ACFF-37ED6799E298} = {41C67DEE-391B-4AF2-A0E0-0B1471B2A7F3}
		{0DA6526F-3551-4472-8880-2BCDCE9259FA} = {41C67DEE-391B-4AF2-A0E0-0B1471B2A7F3}
		{F8DD4143-CE7C-4918-9B24-7DED2291CAA8} = {41C67DEE-391B-4AF2-A0E0-0B1471B2A7F3}
		{27D0B54E-AB90-408F-82EC-2E7787ACD054} = {649012DB-27A7-4F98-921B-7CCCC280F212}
		{EFFF5B3A-4821-4BA4-8E17-63B3633C7E44} = {45CFAD02-60DD-42B5-9F9E-360316289EFE}
	EndGlobalSection
	GlobalSection(ExtensibilityGlobals) = postSolution
		SolutionGuid = {0A78CBCB-0A29-4DAE-9457-E15A9F173350}
	EndGlobalSection
EndGlobal
