
Microsoft Visual Studio Solution File, Format Version 12.00
# Visual Studio Version 16
VisualStudioVersion = 16.0.30517.126
MinimumVisualStudioVersion = 10.0.40219.1
Project("{FAE04EC0-301F-11D3-BF4B-00C04F79EFBC}") = "PVScan.Domain", "Source\PVScan.Domain\PVScan.Domain.csproj", "{7F471786-F164-43AF-8F87-1B4DDE5414B3}"
EndProject
Global
	GlobalSection(SolutionConfigurationPlatforms) = preSolution
		Debug|Any CPU = Debug|Any CPU
		Release|Any CPU = Release|Any CPU
	EndGlobalSection
	GlobalSection(ProjectConfigurationPlatforms) = postSolution
		{7F471786-F164-43AF-8F87-1B4DDE5414B3}.Debug|Any CPU.ActiveCfg = Debug|Any CPU
		{7F471786-F164-43AF-8F87-1B4DDE5414B3}.Debug|Any CPU.Build.0 = Debug|Any CPU
		{7F471786-F164-43AF-8F87-1B4DDE5414B3}.Release|Any CPU.ActiveCfg = Release|Any CPU
		{7F471786-F164-43AF-8F87-1B4DDE5414B3}.Release|Any CPU.Build.0 = Release|Any CPU
	EndGlobalSection
	GlobalSection(SolutionProperties) = preSolution
		HideSolutionNode = FALSE
	EndGlobalSection
	GlobalSection(ExtensibilityGlobals) = postSolution
		SolutionGuid = {6C2093DE-31C8-4545-BC67-B6C9D6328928}
	EndGlobalSection
EndGlobal
