
Microsoft Visual Studio Solution File, Format Version 12.00
# Visual Studio Version 16
VisualStudioVersion = 16.0.30225.117
MinimumVisualStudioVersion = 10.0.40219.1
Project("{2150E333-8FDC-42A3-9474-1A3956D46DE8}") = "Mobile", "Mobile", "{41C67DEE-391B-4AF2-A0E0-0B1471B2A7F3}"
EndProject
Project("{2150E333-8FDC-42A3-9474-1A3956D46DE8}") = "Desktop", "Desktop", "{649012DB-27A7-4F98-921B-7CCCC280F212}"
EndProject
Project("{2150E333-8FDC-42A3-9474-1A3956D46DE8}") = "Web", "Web", "{45CFAD02-60DD-42B5-9F9E-360316289EFE}"
EndProject
Project("{2150E333-8FDC-42A3-9474-1A3956D46DE8}") = "Shared", "Shared", "{33340F67-EFEF-4D7F-96C6-429AA5DF2A9D}"
EndProject
Project("{FAE04EC0-301F-11D3-BF4B-00C04F79EFBC}") = "PVScan-Mobile.Android", "PVScan-Mobile\PVScan-Mobile.Android\PVScan-Mobile.Android.csproj", "{3F28BD1A-21A8-4982-8EA1-87FA67F1F3DD}"
EndProject
Project("{FAE04EC0-301F-11D3-BF4B-00C04F79EFBC}") = "PVScan-Mobile.iOS", "PVScan-Mobile\PVScan-Mobile.iOS\PVScan-Mobile.iOS.csproj", "{B3D30DB9-C813-47CA-B1BA-283ABD72D9D4}"
EndProject
Project("{9A19103F-16F7-4668-BE54-9A1E7A4F7556}") = "PVScan-Mobile", "PVScan-Mobile\PVScan-Mobile\PVScan-Mobile.csproj", "{1F689C42-41A1-4113-83CE-B47100BA51DF}"
EndProject
Project("{FAE04EC0-301F-11D3-BF4B-00C04F79EFBC}") = "PVScan-Desktop", "PVScan-Desktop\PVScan-Desktop.csproj", "{78538BB3-A1D0-4FAD-AD36-1C134D88B61E}"
EndProject
Global
	GlobalSection(SolutionConfigurationPlatforms) = preSolution
		Debug|Any CPU = Debug|Any CPU
		Debug|iPhone = Debug|iPhone
		Debug|iPhoneSimulator = Debug|iPhoneSimulator
		Release|Any CPU = Release|Any CPU
		Release|iPhone = Release|iPhone
		Release|iPhoneSimulator = Release|iPhoneSimulator
	EndGlobalSection
	GlobalSection(ProjectConfigurationPlatforms) = postSolution
		{3F28BD1A-21A8-4982-8EA1-87FA67F1F3DD}.Debug|Any CPU.ActiveCfg = Debug|Any CPU
		{3F28BD1A-21A8-4982-8EA1-87FA67F1F3DD}.Debug|Any CPU.Build.0 = Debug|Any CPU
		{3F28BD1A-21A8-4982-8EA1-87FA67F1F3DD}.Debug|Any CPU.Deploy.0 = Debug|Any CPU
		{3F28BD1A-21A8-4982-8EA1-87FA67F1F3DD}.Debug|iPhone.ActiveCfg = Debug|Any CPU
		{3F28BD1A-21A8-4982-8EA1-87FA67F1F3DD}.Debug|iPhone.Build.0 = Debug|Any CPU
		{3F28BD1A-21A8-4982-8EA1-87FA67F1F3DD}.Debug|iPhone.Deploy.0 = Debug|Any CPU
		{3F28BD1A-21A8-4982-8EA1-87FA67F1F3DD}.Debug|iPhoneSimulator.ActiveCfg = Debug|Any CPU
		{3F28BD1A-21A8-4982-8EA1-87FA67F1F3DD}.Debug|iPhoneSimulator.Build.0 = Debug|Any CPU
		{3F28BD1A-21A8-4982-8EA1-87FA67F1F3DD}.Debug|iPhoneSimulator.Deploy.0 = Debug|Any CPU
		{3F28BD1A-21A8-4982-8EA1-87FA67F1F3DD}.Release|Any CPU.ActiveCfg = Release|Any CPU
		{3F28BD1A-21A8-4982-8EA1-87FA67F1F3DD}.Release|Any CPU.Build.0 = Release|Any CPU
		{3F28BD1A-21A8-4982-8EA1-87FA67F1F3DD}.Release|Any CPU.Deploy.0 = Release|Any CPU
		{3F28BD1A-21A8-4982-8EA1-87FA67F1F3DD}.Release|iPhone.ActiveCfg = Release|Any CPU
		{3F28BD1A-21A8-4982-8EA1-87FA67F1F3DD}.Release|iPhone.Build.0 = Release|Any CPU
		{3F28BD1A-21A8-4982-8EA1-87FA67F1F3DD}.Release|iPhone.Deploy.0 = Release|Any CPU
		{3F28BD1A-21A8-4982-8EA1-87FA67F1F3DD}.Release|iPhoneSimulator.ActiveCfg = Release|Any CPU
		{3F28BD1A-21A8-4982-8EA1-87FA67F1F3DD}.Release|iPhoneSimulator.Build.0 = Release|Any CPU
		{3F28BD1A-21A8-4982-8EA1-87FA67F1F3DD}.Release|iPhoneSimulator.Deploy.0 = Release|Any CPU
		{B3D30DB9-C813-47CA-B1BA-283ABD72D9D4}.Debug|Any CPU.ActiveCfg = Debug|iPhone
		{B3D30DB9-C813-47CA-B1BA-283ABD72D9D4}.Debug|iPhone.ActiveCfg = Debug|iPhone
		{B3D30DB9-C813-47CA-B1BA-283ABD72D9D4}.Debug|iPhone.Build.0 = Debug|iPhone
		{B3D30DB9-C813-47CA-B1BA-283ABD72D9D4}.Debug|iPhone.Deploy.0 = Debug|iPhone
		{B3D30DB9-C813-47CA-B1BA-283ABD72D9D4}.Debug|iPhoneSimulator.ActiveCfg = Debug|iPhoneSimulator
		{B3D30DB9-C813-47CA-B1BA-283ABD72D9D4}.Debug|iPhoneSimulator.Build.0 = Debug|iPhoneSimulator
		{B3D30DB9-C813-47CA-B1BA-283ABD72D9D4}.Debug|iPhoneSimulator.Deploy.0 = Debug|iPhoneSimulator
		{B3D30DB9-C813-47CA-B1BA-283ABD72D9D4}.Release|Any CPU.ActiveCfg = Release|iPhone
		{B3D30DB9-C813-47CA-B1BA-283ABD72D9D4}.Release|iPhone.ActiveCfg = Release|iPhone
		{B3D30DB9-C813-47CA-B1BA-283ABD72D9D4}.Release|iPhone.Build.0 = Release|iPhone
		{B3D30DB9-C813-47CA-B1BA-283ABD72D9D4}.Release|iPhone.Deploy.0 = Release|iPhone
		{B3D30DB9-C813-47CA-B1BA-283ABD72D9D4}.Release|iPhoneSimulator.ActiveCfg = Release|iPhoneSimulator
		{B3D30DB9-C813-47CA-B1BA-283ABD72D9D4}.Release|iPhoneSimulator.Build.0 = Release|iPhoneSimulator
		{B3D30DB9-C813-47CA-B1BA-283ABD72D9D4}.Release|iPhoneSimulator.Deploy.0 = Release|iPhoneSimulator
		{1F689C42-41A1-4113-83CE-B47100BA51DF}.Debug|Any CPU.ActiveCfg = Debug|Any CPU
		{1F689C42-41A1-4113-83CE-B47100BA51DF}.Debug|Any CPU.Build.0 = Debug|Any CPU
		{1F689C42-41A1-4113-83CE-B47100BA51DF}.Debug|iPhone.ActiveCfg = Debug|Any CPU
		{1F689C42-41A1-4113-83CE-B47100BA51DF}.Debug|iPhone.Build.0 = Debug|Any CPU
		{1F689C42-41A1-4113-83CE-B47100BA51DF}.Debug|iPhoneSimulator.ActiveCfg = Debug|Any CPU
		{1F689C42-41A1-4113-83CE-B47100BA51DF}.Debug|iPhoneSimulator.Build.0 = Debug|Any CPU
		{1F689C42-41A1-4113-83CE-B47100BA51DF}.Release|Any CPU.ActiveCfg = Release|Any CPU
		{1F689C42-41A1-4113-83CE-B47100BA51DF}.Release|Any CPU.Build.0 = Release|Any CPU
		{1F689C42-41A1-4113-83CE-B47100BA51DF}.Release|iPhone.ActiveCfg = Release|Any CPU
		{1F689C42-41A1-4113-83CE-B47100BA51DF}.Release|iPhone.Build.0 = Release|Any CPU
		{1F689C42-41A1-4113-83CE-B47100BA51DF}.Release|iPhoneSimulator.ActiveCfg = Release|Any CPU
		{1F689C42-41A1-4113-83CE-B47100BA51DF}.Release|iPhoneSimulator.Build.0 = Release|Any CPU
		{78538BB3-A1D0-4FAD-AD36-1C134D88B61E}.Debug|Any CPU.ActiveCfg = Debug|Any CPU
		{78538BB3-A1D0-4FAD-AD36-1C134D88B61E}.Debug|Any CPU.Build.0 = Debug|Any CPU
		{78538BB3-A1D0-4FAD-AD36-1C134D88B61E}.Debug|iPhone.ActiveCfg = Debug|Any CPU
		{78538BB3-A1D0-4FAD-AD36-1C134D88B61E}.Debug|iPhone.Build.0 = Debug|Any CPU
		{78538BB3-A1D0-4FAD-AD36-1C134D88B61E}.Debug|iPhoneSimulator.ActiveCfg = Debug|Any CPU
		{78538BB3-A1D0-4FAD-AD36-1C134D88B61E}.Debug|iPhoneSimulator.Build.0 = Debug|Any CPU
		{78538BB3-A1D0-4FAD-AD36-1C134D88B61E}.Release|Any CPU.ActiveCfg = Release|Any CPU
		{78538BB3-A1D0-4FAD-AD36-1C134D88B61E}.Release|Any CPU.Build.0 = Release|Any CPU
		{78538BB3-A1D0-4FAD-AD36-1C134D88B61E}.Release|iPhone.ActiveCfg = Release|Any CPU
		{78538BB3-A1D0-4FAD-AD36-1C134D88B61E}.Release|iPhone.Build.0 = Release|Any CPU
		{78538BB3-A1D0-4FAD-AD36-1C134D88B61E}.Release|iPhoneSimulator.ActiveCfg = Release|Any CPU
		{78538BB3-A1D0-4FAD-AD36-1C134D88B61E}.Release|iPhoneSimulator.Build.0 = Release|Any CPU
	EndGlobalSection
	GlobalSection(SolutionProperties) = preSolution
		HideSolutionNode = FALSE
	EndGlobalSection
	GlobalSection(NestedProjects) = preSolution
		{3F28BD1A-21A8-4982-8EA1-87FA67F1F3DD} = {41C67DEE-391B-4AF2-A0E0-0B1471B2A7F3}
		{B3D30DB9-C813-47CA-B1BA-283ABD72D9D4} = {41C67DEE-391B-4AF2-A0E0-0B1471B2A7F3}
		{1F689C42-41A1-4113-83CE-B47100BA51DF} = {41C67DEE-391B-4AF2-A0E0-0B1471B2A7F3}
		{78538BB3-A1D0-4FAD-AD36-1C134D88B61E} = {649012DB-27A7-4F98-921B-7CCCC280F212}
	EndGlobalSection
	GlobalSection(ExtensibilityGlobals) = postSolution
		SolutionGuid = {0A78CBCB-0A29-4DAE-9457-E15A9F173350}
	EndGlobalSection
EndGlobal
